Microsoft Visual Studio Solution File, Format Version 12.00
# Visual Studio 15
Project("{2150E333-8FDC-42A3-9474-1A3956D46DE8}") = "CMakePredefinedTargets", "CMakePredefinedTargets", "{E5A8A76E-B5FE-388F-97CE-D250D8EF0282}"
EndProject
Project("{2150E333-8FDC-42A3-9474-1A3956D46DE8}") = "GLFW3", "GLFW3", "{0691BD8E-1E66-3F0B-82CA-4E66EF1CE86E}"
EndProject
Project("{2150E333-8FDC-42A3-9474-1A3956D46DE8}") = "Examples", "GLFW3\Examples", "{CEE31196-0758-3625-8075-FAB350CCA618}"
EndProject
Project("{2150E333-8FDC-42A3-9474-1A3956D46DE8}") = "Tests", "GLFW3\Tests", "{B1A81D51-1028-3DA3-934F-148D1FB56EB1}"
EndProject
Project("{8BC9CEB8-8B4A-11D0-8D11-00A0C91BC942}") = "ALL_BUILD", "ALL_BUILD.vcxproj", "{EDD010C8-FF10-33C4-AD22-C1CFA0A64F3D}"
	ProjectSection(ProjectDependencies) = postProject
		{52B78AE7-BF5E-3164-B0FB-5FC3157709CC} = {52B78AE7-BF5E-3164-B0FB-5FC3157709CC}
		{64905411-5CFF-3932-AB40-548309EB6980} = {64905411-5CFF-3932-AB40-548309EB6980}
		{5A85922A-36A8-373B-9C6D-705352B8F2C7} = {5A85922A-36A8-373B-9C6D-705352B8F2C7}
		{2AE8441F-AC66-3774-8612-E78BF1AB1F1D} = {2AE8441F-AC66-3774-8612-E78BF1AB1F1D}
		{5908725D-9BEE-3AA5-A257-A6F72E320F32} = {5908725D-9BEE-3AA5-A257-A6F72E320F32}
		{6601A323-6959-39AF-A0AF-610CA3FEE04B} = {6601A323-6959-39AF-A0AF-610CA3FEE04B}
		{820356C1-33C9-3928-A5F1-E561A0EE9FCE} = {820356C1-33C9-3928-A5F1-E561A0EE9FCE}
		{AEEFD25A-E064-3C42-AE15-EE5079924E64} = {AEEFD25A-E064-3C42-AE15-EE5079924E64}
		{8B1FA3A7-4B55-35AF-B5F9-001CC01AEC13} = {8B1FA3A7-4B55-35AF-B5F9-001CC01AEC13}
		{512CBD64-5434-32FF-BAB8-3978BEF99BD4} = {512CBD64-5434-32FF-BAB8-3978BEF99BD4}
		{A6800355-66D8-394F-AFAA-719E01A97022} = {A6800355-66D8-394F-AFAA-719E01A97022}
		{2A02E4EC-19DB-3193-A237-09C7702A3661} = {2A02E4EC-19DB-3193-A237-09C7702A3661}
		{F09E3B86-DD39-30B9-B9AD-674F712E53F2} = {F09E3B86-DD39-30B9-B9AD-674F712E53F2}
		{6A8F1104-CFD0-356F-8684-77200E569215} = {6A8F1104-CFD0-356F-8684-77200E569215}
		{E26C76D4-CB6C-314A-9FAE-D9E348D703C4} = {E26C76D4-CB6C-314A-9FAE-D9E348D703C4}
		{5B9AEC82-2DCB-3915-942A-09CA752EE419} = {5B9AEC82-2DCB-3915-942A-09CA752EE419}
		{73C8AFEE-B9B6-3DA3-B2A4-00C3E4E5C844} = {73C8AFEE-B9B6-3DA3-B2A4-00C3E4E5C844}
		{2149A03A-2C7F-3E1F-B677-BEF15CE6BD41} = {2149A03A-2C7F-3E1F-B677-BEF15CE6BD41}
		{B8C6FEEB-74FB-320C-B072-B1555A4E45C6} = {B8C6FEEB-74FB-320C-B072-B1555A4E45C6}
		{40BD45A9-08B2-3DA1-90FD-D74231C81147} = {40BD45A9-08B2-3DA1-90FD-D74231C81147}
		{30795B5B-9705-3691-A445-CD46B9838563} = {30795B5B-9705-3691-A445-CD46B9838563}
		{CDEF1136-56D1-39C3-92C1-A5032CAB5319} = {CDEF1136-56D1-39C3-92C1-A5032CAB5319}
		{FBDC1D45-76EE-3AC9-9020-09CA4A877A9D} = {FBDC1D45-76EE-3AC9-9020-09CA4A877A9D}
		{03353EC2-EE53-3414-9C67-54DCB7FF7292} = {03353EC2-EE53-3414-9C67-54DCB7FF7292}
		{31F7805B-43F8-3C95-884D-CF44778905A6} = {31F7805B-43F8-3C95-884D-CF44778905A6}
		{55152DBA-14DB-3EA1-9B3D-619EE0A6836E} = {55152DBA-14DB-3EA1-9B3D-619EE0A6836E}
		{65A01C45-CCCC-316F-96F2-0BAE9CB1A3BD} = {65A01C45-CCCC-316F-96F2-0BAE9CB1A3BD}
	EndProjectSection
EndProject
Project("{8BC9CEB8-8B4A-11D0-8D11-00A0C91BC942}") = "INSTALL", "INSTALL.vcxproj", "{935B93FA-4F9D-3083-A7AA-F580CCDE6AF2}"
	ProjectSection(ProjectDependencies) = postProject
		{EDD010C8-FF10-33C4-AD22-C1CFA0A64F3D} = {EDD010C8-FF10-33C4-AD22-C1CFA0A64F3D}
		{52B78AE7-BF5E-3164-B0FB-5FC3157709CC} = {52B78AE7-BF5E-3164-B0FB-5FC3157709CC}
	EndProjectSection
EndProject
Project("{8BC9CEB8-8B4A-11D0-8D11-00A0C91BC942}") = "ZERO_CHECK", "ZERO_CHECK.vcxproj", "{52B78AE7-BF5E-3164-B0FB-5FC3157709CC}"
	ProjectSection(ProjectDependencies) = postProject
	EndProjectSection
EndProject
Project("{8BC9CEB8-8B4A-11D0-8D11-00A0C91BC942}") = "boing", "examples\boing.vcxproj", "{64905411-5CFF-3932-AB40-548309EB6980}"
	ProjectSection(ProjectDependencies) = postProject
		{52B78AE7-BF5E-3164-B0FB-5FC3157709CC} = {52B78AE7-BF5E-3164-B0FB-5FC3157709CC}
		{8B1FA3A7-4B55-35AF-B5F9-001CC01AEC13} = {8B1FA3A7-4B55-35AF-B5F9-001CC01AEC13}
	EndProjectSection
EndProject
Project("{8BC9CEB8-8B4A-11D0-8D11-00A0C91BC942}") = "clipboard", "tests\clipboard.vcxproj", "{5A85922A-36A8-373B-9C6D-705352B8F2C7}"
	ProjectSection(ProjectDependencies) = postProject
		{52B78AE7-BF5E-3164-B0FB-5FC3157709CC} = {52B78AE7-BF5E-3164-B0FB-5FC3157709CC}
		{8B1FA3A7-4B55-35AF-B5F9-001CC01AEC13} = {8B1FA3A7-4B55-35AF-B5F9-001CC01AEC13}
	EndProjectSection
EndProject
Project("{8BC9CEB8-8B4A-11D0-8D11-00A0C91BC942}") = "cursor", "tests\cursor.vcxproj", "{2AE8441F-AC66-3774-8612-E78BF1AB1F1D}"
	ProjectSection(ProjectDependencies) = postProject
		{52B78AE7-BF5E-3164-B0FB-5FC3157709CC} = {52B78AE7-BF5E-3164-B0FB-5FC3157709CC}
		{8B1FA3A7-4B55-35AF-B5F9-001CC01AEC13} = {8B1FA3A7-4B55-35AF-B5F9-001CC01AEC13}
	EndProjectSection
EndProject
Project("{8BC9CEB8-8B4A-11D0-8D11-00A0C91BC942}") = "empty", "tests\empty.vcxproj", "{5908725D-9BEE-3AA5-A257-A6F72E320F32}"
	ProjectSection(ProjectDependencies) = postProject
		{52B78AE7-BF5E-3164-B0FB-5FC3157709CC} = {52B78AE7-BF5E-3164-B0FB-5FC3157709CC}
		{8B1FA3A7-4B55-35AF-B5F9-001CC01AEC13} = {8B1FA3A7-4B55-35AF-B5F9-001CC01AEC13}
	EndProjectSection
EndProject
Project("{8BC9CEB8-8B4A-11D0-8D11-00A0C91BC942}") = "events", "tests\events.vcxproj", "{6601A323-6959-39AF-A0AF-610CA3FEE04B}"
	ProjectSection(ProjectDependencies) = postProject
		{52B78AE7-BF5E-3164-B0FB-5FC3157709CC} = {52B78AE7-BF5E-3164-B0FB-5FC3157709CC}
		{8B1FA3A7-4B55-35AF-B5F9-001CC01AEC13} = {8B1FA3A7-4B55-35AF-B5F9-001CC01AEC13}
	EndProjectSection
EndProject
Project("{8BC9CEB8-8B4A-11D0-8D11-00A0C91BC942}") = "gamma", "tests\gamma.vcxproj", "{820356C1-33C9-3928-A5F1-E561A0EE9FCE}"
	ProjectSection(ProjectDependencies) = postProject
		{52B78AE7-BF5E-3164-B0FB-5FC3157709CC} = {52B78AE7-BF5E-3164-B0FB-5FC3157709CC}
		{8B1FA3A7-4B55-35AF-B5F9-001CC01AEC13} = {8B1FA3A7-4B55-35AF-B5F9-001CC01AEC13}
	EndProjectSection
EndProject
Project("{8BC9CEB8-8B4A-11D0-8D11-00A0C91BC942}") = "gears", "examples\gears.vcxproj", "{AEEFD25A-E064-3C42-AE15-EE5079924E64}"
	ProjectSection(ProjectDependencies) = postProject
		{52B78AE7-BF5E-3164-B0FB-5FC3157709CC} = {52B78AE7-BF5E-3164-B0FB-5FC3157709CC}
		{8B1FA3A7-4B55-35AF-B5F9-001CC01AEC13} = {8B1FA3A7-4B55-35AF-B5F9-001CC01AEC13}
	EndProjectSection
EndProject
Project("{8BC9CEB8-8B4A-11D0-8D11-00A0C91BC942}") = "glfw", "src\glfw.vcxproj", "{8B1FA3A7-4B55-35AF-B5F9-001CC01AEC13}"
	ProjectSection(ProjectDependencies) = postProject
		{52B78AE7-BF5E-3164-B0FB-5FC3157709CC} = {52B78AE7-BF5E-3164-B0FB-5FC3157709CC}
	EndProjectSection
EndProject
Project("{8BC9CEB8-8B4A-11D0-8D11-00A0C91BC942}") = "glfwinfo", "tests\glfwinfo.vcxproj", "{512CBD64-5434-32FF-BAB8-3978BEF99BD4}"
	ProjectSection(ProjectDependencies) = postProject
		{52B78AE7-BF5E-3164-B0FB-5FC3157709CC} = {52B78AE7-BF5E-3164-B0FB-5FC3157709CC}
		{8B1FA3A7-4B55-35AF-B5F9-001CC01AEC13} = {8B1FA3A7-4B55-35AF-B5F9-001CC01AEC13}
	EndProjectSection
EndProject
Project("{8BC9CEB8-8B4A-11D0-8D11-00A0C91BC942}") = "heightmap", "examples\heightmap.vcxproj", "{A6800355-66D8-394F-AFAA-719E01A97022}"
	ProjectSection(ProjectDependencies) = postProject
		{52B78AE7-BF5E-3164-B0FB-5FC3157709CC} = {52B78AE7-BF5E-3164-B0FB-5FC3157709CC}
		{8B1FA3A7-4B55-35AF-B5F9-001CC01AEC13} = {8B1FA3A7-4B55-35AF-B5F9-001CC01AEC13}
	EndProjectSection
EndProject
Project("{8BC9CEB8-8B4A-11D0-8D11-00A0C91BC942}") = "icon", "tests\icon.vcxproj", "{2A02E4EC-19DB-3193-A237-09C7702A3661}"
	ProjectSection(ProjectDependencies) = postProject
		{52B78AE7-BF5E-3164-B0FB-5FC3157709CC} = {52B78AE7-BF5E-3164-B0FB-5FC3157709CC}
		{8B1FA3A7-4B55-35AF-B5F9-001CC01AEC13} = {8B1FA3A7-4B55-35AF-B5F9-001CC01AEC13}
	EndProjectSection
EndProject
Project("{8BC9CEB8-8B4A-11D0-8D11-00A0C91BC942}") = "iconify", "tests\iconify.vcxproj", "{F09E3B86-DD39-30B9-B9AD-674F712E53F2}"
	ProjectSection(ProjectDependencies) = postProject
		{52B78AE7-BF5E-3164-B0FB-5FC3157709CC} = {52B78AE7-BF5E-3164-B0FB-5FC3157709CC}
		{8B1FA3A7-4B55-35AF-B5F9-001CC01AEC13} = {8B1FA3A7-4B55-35AF-B5F9-001CC01AEC13}
	EndProjectSection
EndProject
Project("{8BC9CEB8-8B4A-11D0-8D11-00A0C91BC942}") = "joysticks", "tests\joysticks.vcxproj", "{6A8F1104-CFD0-356F-8684-77200E569215}"
	ProjectSection(ProjectDependencies) = postProject
		{52B78AE7-BF5E-3164-B0FB-5FC3157709CC} = {52B78AE7-BF5E-3164-B0FB-5FC3157709CC}
		{8B1FA3A7-4B55-35AF-B5F9-001CC01AEC13} = {8B1FA3A7-4B55-35AF-B5F9-001CC01AEC13}
	EndProjectSection
EndProject
Project("{8BC9CEB8-8B4A-11D0-8D11-00A0C91BC942}") = "monitors", "tests\monitors.vcxproj", "{E26C76D4-CB6C-314A-9FAE-D9E348D703C4}"
	ProjectSection(ProjectDependencies) = postProject
		{52B78AE7-BF5E-3164-B0FB-5FC3157709CC} = {52B78AE7-BF5E-3164-B0FB-5FC3157709CC}
		{8B1FA3A7-4B55-35AF-B5F9-001CC01AEC13} = {8B1FA3A7-4B55-35AF-B5F9-001CC01AEC13}
	EndProjectSection
EndProject
Project("{8BC9CEB8-8B4A-11D0-8D11-00A0C91BC942}") = "msaa", "tests\msaa.vcxproj", "{5B9AEC82-2DCB-3915-942A-09CA752EE419}"
	ProjectSection(ProjectDependencies) = postProject
		{52B78AE7-BF5E-3164-B0FB-5FC3157709CC} = {52B78AE7-BF5E-3164-B0FB-5FC3157709CC}
		{8B1FA3A7-4B55-35AF-B5F9-001CC01AEC13} = {8B1FA3A7-4B55-35AF-B5F9-001CC01AEC13}
	EndProjectSection
EndProject
Project("{8BC9CEB8-8B4A-11D0-8D11-00A0C91BC942}") = "particles", "examples\particles.vcxproj", "{73C8AFEE-B9B6-3DA3-B2A4-00C3E4E5C844}"
	ProjectSection(ProjectDependencies) = postProject
		{52B78AE7-BF5E-3164-B0FB-5FC3157709CC} = {52B78AE7-BF5E-3164-B0FB-5FC3157709CC}
		{8B1FA3A7-4B55-35AF-B5F9-001CC01AEC13} = {8B1FA3A7-4B55-35AF-B5F9-001CC01AEC13}
	EndProjectSection
EndProject
Project("{8BC9CEB8-8B4A-11D0-8D11-00A0C91BC942}") = "reopen", "tests\reopen.vcxproj", "{2149A03A-2C7F-3E1F-B677-BEF15CE6BD41}"
	ProjectSection(ProjectDependencies) = postProject
		{52B78AE7-BF5E-3164-B0FB-5FC3157709CC} = {52B78AE7-BF5E-3164-B0FB-5FC3157709CC}
		{8B1FA3A7-4B55-35AF-B5F9-001CC01AEC13} = {8B1FA3A7-4B55-35AF-B5F9-001CC01AEC13}
	EndProjectSection
EndProject
Project("{8BC9CEB8-8B4A-11D0-8D11-00A0C91BC942}") = "sharing", "tests\sharing.vcxproj", "{B8C6FEEB-74FB-320C-B072-B1555A4E45C6}"
	ProjectSection(ProjectDependencies) = postProject
		{52B78AE7-BF5E-3164-B0FB-5FC3157709CC} = {52B78AE7-BF5E-3164-B0FB-5FC3157709CC}
		{8B1FA3A7-4B55-35AF-B5F9-001CC01AEC13} = {8B1FA3A7-4B55-35AF-B5F9-001CC01AEC13}
	EndProjectSection
EndProject
Project("{8BC9CEB8-8B4A-11D0-8D11-00A0C91BC942}") = "simple", "examples\simple.vcxproj", "{40BD45A9-08B2-3DA1-90FD-D74231C81147}"
	ProjectSection(ProjectDependencies) = postProject
		{52B78AE7-BF5E-3164-B0FB-5FC3157709CC} = {52B78AE7-BF5E-3164-B0FB-5FC3157709CC}
		{8B1FA3A7-4B55-35AF-B5F9-001CC01AEC13} = {8B1FA3A7-4B55-35AF-B5F9-001CC01AEC13}
	EndProjectSection
EndProject
Project("{8BC9CEB8-8B4A-11D0-8D11-00A0C91BC942}") = "splitview", "examples\splitview.vcxproj", "{30795B5B-9705-3691-A445-CD46B9838563}"
	ProjectSection(ProjectDependencies) = postProject
		{52B78AE7-BF5E-3164-B0FB-5FC3157709CC} = {52B78AE7-BF5E-3164-B0FB-5FC3157709CC}
		{8B1FA3A7-4B55-35AF-B5F9-001CC01AEC13} = {8B1FA3A7-4B55-35AF-B5F9-001CC01AEC13}
	EndProjectSection
EndProject
Project("{8BC9CEB8-8B4A-11D0-8D11-00A0C91BC942}") = "tearing", "tests\tearing.vcxproj", "{CDEF1136-56D1-39C3-92C1-A5032CAB5319}"
	ProjectSection(ProjectDependencies) = postProject
		{52B78AE7-BF5E-3164-B0FB-5FC3157709CC} = {52B78AE7-BF5E-3164-B0FB-5FC3157709CC}
		{8B1FA3A7-4B55-35AF-B5F9-001CC01AEC13} = {8B1FA3A7-4B55-35AF-B5F9-001CC01AEC13}
	EndProjectSection
EndProject
Project("{8BC9CEB8-8B4A-11D0-8D11-00A0C91BC942}") = "threads", "tests\threads.vcxproj", "{FBDC1D45-76EE-3AC9-9020-09CA4A877A9D}"
	ProjectSection(ProjectDependencies) = postProject
		{52B78AE7-BF5E-3164-B0FB-5FC3157709CC} = {52B78AE7-BF5E-3164-B0FB-5FC3157709CC}
		{8B1FA3A7-4B55-35AF-B5F9-001CC01AEC13} = {8B1FA3A7-4B55-35AF-B5F9-001CC01AEC13}
	EndProjectSection
EndProject
Project("{8BC9CEB8-8B4A-11D0-8D11-00A0C91BC942}") = "timeout", "tests\timeout.vcxproj", "{03353EC2-EE53-3414-9C67-54DCB7FF7292}"
	ProjectSection(ProjectDependencies) = postProject
		{52B78AE7-BF5E-3164-B0FB-5FC3157709CC} = {52B78AE7-BF5E-3164-B0FB-5FC3157709CC}
		{8B1FA3A7-4B55-35AF-B5F9-001CC01AEC13} = {8B1FA3A7-4B55-35AF-B5F9-001CC01AEC13}
	EndProjectSection
EndProject
Project("{8BC9CEB8-8B4A-11D0-8D11-00A0C91BC942}") = "title", "tests\title.vcxproj", "{31F7805B-43F8-3C95-884D-CF44778905A6}"
	ProjectSection(ProjectDependencies) = postProject
		{52B78AE7-BF5E-3164-B0FB-5FC3157709CC} = {52B78AE7-BF5E-3164-B0FB-5FC3157709CC}
		{8B1FA3A7-4B55-35AF-B5F9-001CC01AEC13} = {8B1FA3A7-4B55-35AF-B5F9-001CC01AEC13}
	EndProjectSection
EndProject
Project("{8BC9CEB8-8B4A-11D0-8D11-00A0C91BC942}") = "uninstall", "uninstall.vcxproj", "{083CFA9B-3C26-3F82-BAFA-830FC67B6BB6}"
	ProjectSection(ProjectDependencies) = postProject
		{52B78AE7-BF5E-3164-B0FB-5FC3157709CC} = {52B78AE7-BF5E-3164-B0FB-5FC3157709CC}
	EndProjectSection
EndProject
Project("{8BC9CEB8-8B4A-11D0-8D11-00A0C91BC942}") = "wave", "examples\wave.vcxproj", "{55152DBA-14DB-3EA1-9B3D-619EE0A6836E}"
	ProjectSection(ProjectDependencies) = postProject
		{52B78AE7-BF5E-3164-B0FB-5FC3157709CC} = {52B78AE7-BF5E-3164-B0FB-5FC3157709CC}
		{8B1FA3A7-4B55-35AF-B5F9-001CC01AEC13} = {8B1FA3A7-4B55-35AF-B5F9-001CC01AEC13}
	EndProjectSection
EndProject
Project("{8BC9CEB8-8B4A-11D0-8D11-00A0C91BC942}") = "windows", "tests\windows.vcxproj", "{65A01C45-CCCC-316F-96F2-0BAE9CB1A3BD}"
	ProjectSection(ProjectDependencies) = postProject
		{52B78AE7-BF5E-3164-B0FB-5FC3157709CC} = {52B78AE7-BF5E-3164-B0FB-5FC3157709CC}
		{8B1FA3A7-4B55-35AF-B5F9-001CC01AEC13} = {8B1FA3A7-4B55-35AF-B5F9-001CC01AEC13}
	EndProjectSection
EndProject
Global
	GlobalSection(SolutionConfigurationPlatforms) = preSolution
		Debug|x64 = Debug|x64
		Release|x64 = Release|x64
		MinSizeRel|x64 = MinSizeRel|x64
		RelWithDebInfo|x64 = RelWithDebInfo|x64
	EndGlobalSection
	GlobalSection(ProjectConfigurationPlatforms) = postSolution
		{EDD010C8-FF10-33C4-AD22-C1CFA0A64F3D}.Debug|x64.ActiveCfg = Debug|x64
		{EDD010C8-FF10-33C4-AD22-C1CFA0A64F3D}.Debug|x64.Build.0 = Debug|x64
		{EDD010C8-FF10-33C4-AD22-C1CFA0A64F3D}.Release|x64.ActiveCfg = Release|x64
		{EDD010C8-FF10-33C4-AD22-C1CFA0A64F3D}.Release|x64.Build.0 = Release|x64
		{EDD010C8-FF10-33C4-AD22-C1CFA0A64F3D}.MinSizeRel|x64.ActiveCfg = MinSizeRel|x64
		{EDD010C8-FF10-33C4-AD22-C1CFA0A64F3D}.MinSizeRel|x64.Build.0 = MinSizeRel|x64
		{EDD010C8-FF10-33C4-AD22-C1CFA0A64F3D}.RelWithDebInfo|x64.ActiveCfg = RelWithDebInfo|x64
		{EDD010C8-FF10-33C4-AD22-C1CFA0A64F3D}.RelWithDebInfo|x64.Build.0 = RelWithDebInfo|x64
		{935B93FA-4F9D-3083-A7AA-F580CCDE6AF2}.Debug|x64.ActiveCfg = Debug|x64
		{935B93FA-4F9D-3083-A7AA-F580CCDE6AF2}.Release|x64.ActiveCfg = Release|x64
		{935B93FA-4F9D-3083-A7AA-F580CCDE6AF2}.MinSizeRel|x64.ActiveCfg = MinSizeRel|x64
		{935B93FA-4F9D-3083-A7AA-F580CCDE6AF2}.RelWithDebInfo|x64.ActiveCfg = RelWithDebInfo|x64
		{52B78AE7-BF5E-3164-B0FB-5FC3157709CC}.Debug|x64.ActiveCfg = Debug|x64
		{52B78AE7-BF5E-3164-B0FB-5FC3157709CC}.Debug|x64.Build.0 = Debug|x64
		{52B78AE7-BF5E-3164-B0FB-5FC3157709CC}.Release|x64.ActiveCfg = Release|x64
		{52B78AE7-BF5E-3164-B0FB-5FC3157709CC}.Release|x64.Build.0 = Release|x64
		{52B78AE7-BF5E-3164-B0FB-5FC3157709CC}.MinSizeRel|x64.ActiveCfg = MinSizeRel|x64
		{52B78AE7-BF5E-3164-B0FB-5FC3157709CC}.MinSizeRel|x64.Build.0 = MinSizeRel|x64
		{52B78AE7-BF5E-3164-B0FB-5FC3157709CC}.RelWithDebInfo|x64.ActiveCfg = RelWithDebInfo|x64
		{52B78AE7-BF5E-3164-B0FB-5FC3157709CC}.RelWithDebInfo|x64.Build.0 = RelWithDebInfo|x64
		{64905411-5CFF-3932-AB40-548309EB6980}.Debug|x64.ActiveCfg = Debug|x64
		{64905411-5CFF-3932-AB40-548309EB6980}.Debug|x64.Build.0 = Debug|x64
		{64905411-5CFF-3932-AB40-548309EB6980}.Release|x64.ActiveCfg = Release|x64
		{64905411-5CFF-3932-AB40-548309EB6980}.Release|x64.Build.0 = Release|x64
		{64905411-5CFF-3932-AB40-548309EB6980}.MinSizeRel|x64.ActiveCfg = MinSizeRel|x64
		{64905411-5CFF-3932-AB40-548309EB6980}.MinSizeRel|x64.Build.0 = MinSizeRel|x64
		{64905411-5CFF-3932-AB40-548309EB6980}.RelWithDebInfo|x64.ActiveCfg = RelWithDebInfo|x64
		{64905411-5CFF-3932-AB40-548309EB6980}.RelWithDebInfo|x64.Build.0 = RelWithDebInfo|x64
		{5A85922A-36A8-373B-9C6D-705352B8F2C7}.Debug|x64.ActiveCfg = Debug|x64
		{5A85922A-36A8-373B-9C6D-705352B8F2C7}.Debug|x64.Build.0 = Debug|x64
		{5A85922A-36A8-373B-9C6D-705352B8F2C7}.Release|x64.ActiveCfg = Release|x64
		{5A85922A-36A8-373B-9C6D-705352B8F2C7}.Release|x64.Build.0 = Release|x64
		{5A85922A-36A8-373B-9C6D-705352B8F2C7}.MinSizeRel|x64.ActiveCfg = MinSizeRel|x64
		{5A85922A-36A8-373B-9C6D-705352B8F2C7}.MinSizeRel|x64.Build.0 = MinSizeRel|x64
		{5A85922A-36A8-373B-9C6D-705352B8F2C7}.RelWithDebInfo|x64.ActiveCfg = RelWithDebInfo|x64
		{5A85922A-36A8-373B-9C6D-705352B8F2C7}.RelWithDebInfo|x64.Build.0 = RelWithDebInfo|x64
		{2AE8441F-AC66-3774-8612-E78BF1AB1F1D}.Debug|x64.ActiveCfg = Debug|x64
		{2AE8441F-AC66-3774-8612-E78BF1AB1F1D}.Debug|x64.Build.0 = Debug|x64
		{2AE8441F-AC66-3774-8612-E78BF1AB1F1D}.Release|x64.ActiveCfg = Release|x64
		{2AE8441F-AC66-3774-8612-E78BF1AB1F1D}.Release|x64.Build.0 = Release|x64
		{2AE8441F-AC66-3774-8612-E78BF1AB1F1D}.MinSizeRel|x64.ActiveCfg = MinSizeRel|x64
		{2AE8441F-AC66-3774-8612-E78BF1AB1F1D}.MinSizeRel|x64.Build.0 = MinSizeRel|x64
		{2AE8441F-AC66-3774-8612-E78BF1AB1F1D}.RelWithDebInfo|x64.ActiveCfg = RelWithDebInfo|x64
		{2AE8441F-AC66-3774-8612-E78BF1AB1F1D}.RelWithDebInfo|x64.Build.0 = RelWithDebInfo|x64
		{5908725D-9BEE-3AA5-A257-A6F72E320F32}.Debug|x64.ActiveCfg = Debug|x64
		{5908725D-9BEE-3AA5-A257-A6F72E320F32}.Debug|x64.Build.0 = Debug|x64
		{5908725D-9BEE-3AA5-A257-A6F72E320F32}.Release|x64.ActiveCfg = Release|x64
		{5908725D-9BEE-3AA5-A257-A6F72E320F32}.Release|x64.Build.0 = Release|x64
		{5908725D-9BEE-3AA5-A257-A6F72E320F32}.MinSizeRel|x64.ActiveCfg = MinSizeRel|x64
		{5908725D-9BEE-3AA5-A257-A6F72E320F32}.MinSizeRel|x64.Build.0 = MinSizeRel|x64
		{5908725D-9BEE-3AA5-A257-A6F72E320F32}.RelWithDebInfo|x64.ActiveCfg = RelWithDebInfo|x64
		{5908725D-9BEE-3AA5-A257-A6F72E320F32}.RelWithDebInfo|x64.Build.0 = RelWithDebInfo|x64
		{6601A323-6959-39AF-A0AF-610CA3FEE04B}.Debug|x64.ActiveCfg = Debug|x64
		{6601A323-6959-39AF-A0AF-610CA3FEE04B}.Debug|x64.Build.0 = Debug|x64
		{6601A323-6959-39AF-A0AF-610CA3FEE04B}.Release|x64.ActiveCfg = Release|x64
		{6601A323-6959-39AF-A0AF-610CA3FEE04B}.Release|x64.Build.0 = Release|x64
		{6601A323-6959-39AF-A0AF-610CA3FEE04B}.MinSizeRel|x64.ActiveCfg = MinSizeRel|x64
		{6601A323-6959-39AF-A0AF-610CA3FEE04B}.MinSizeRel|x64.Build.0 = MinSizeRel|x64
		{6601A323-6959-39AF-A0AF-610CA3FEE04B}.RelWithDebInfo|x64.ActiveCfg = RelWithDebInfo|x64
		{6601A323-6959-39AF-A0AF-610CA3FEE04B}.RelWithDebInfo|x64.Build.0 = RelWithDebInfo|x64
		{820356C1-33C9-3928-A5F1-E561A0EE9FCE}.Debug|x64.ActiveCfg = Debug|x64
		{820356C1-33C9-3928-A5F1-E561A0EE9FCE}.Debug|x64.Build.0 = Debug|x64
		{820356C1-33C9-3928-A5F1-E561A0EE9FCE}.Release|x64.ActiveCfg = Release|x64
		{820356C1-33C9-3928-A5F1-E561A0EE9FCE}.Release|x64.Build.0 = Release|x64
		{820356C1-33C9-3928-A5F1-E561A0EE9FCE}.MinSizeRel|x64.ActiveCfg = MinSizeRel|x64
		{820356C1-33C9-3928-A5F1-E561A0EE9FCE}.MinSizeRel|x64.Build.0 = MinSizeRel|x64
		{820356C1-33C9-3928-A5F1-E561A0EE9FCE}.RelWithDebInfo|x64.ActiveCfg = RelWithDebInfo|x64
		{820356C1-33C9-3928-A5F1-E561A0EE9FCE}.RelWithDebInfo|x64.Build.0 = RelWithDebInfo|x64
		{AEEFD25A-E064-3C42-AE15-EE5079924E64}.Debug|x64.ActiveCfg = Debug|x64
		{AEEFD25A-E064-3C42-AE15-EE5079924E64}.Debug|x64.Build.0 = Debug|x64
		{AEEFD25A-E064-3C42-AE15-EE5079924E64}.Release|x64.ActiveCfg = Release|x64
		{AEEFD25A-E064-3C42-AE15-EE5079924E64}.Release|x64.Build.0 = Release|x64
		{AEEFD25A-E064-3C42-AE15-EE5079924E64}.MinSizeRel|x64.ActiveCfg = MinSizeRel|x64
		{AEEFD25A-E064-3C42-AE15-EE5079924E64}.MinSizeRel|x64.Build.0 = MinSizeRel|x64
		{AEEFD25A-E064-3C42-AE15-EE5079924E64}.RelWithDebInfo|x64.ActiveCfg = RelWithDebInfo|x64
		{AEEFD25A-E064-3C42-AE15-EE5079924E64}.RelWithDebInfo|x64.Build.0 = RelWithDebInfo|x64
		{8B1FA3A7-4B55-35AF-B5F9-001CC01AEC13}.Debug|x64.ActiveCfg = Debug|x64
		{8B1FA3A7-4B55-35AF-B5F9-001CC01AEC13}.Debug|x64.Build.0 = Debug|x64
		{8B1FA3A7-4B55-35AF-B5F9-001CC01AEC13}.Release|x64.ActiveCfg = Release|x64
		{8B1FA3A7-4B55-35AF-B5F9-001CC01AEC13}.Release|x64.Build.0 = Release|x64
		{8B1FA3A7-4B55-35AF-B5F9-001CC01AEC13}.MinSizeRel|x64.ActiveCfg = MinSizeRel|x64
		{8B1FA3A7-4B55-35AF-B5F9-001CC01AEC13}.MinSizeRel|x64.Build.0 = MinSizeRel|x64
		{8B1FA3A7-4B55-35AF-B5F9-001CC01AEC13}.RelWithDebInfo|x64.ActiveCfg = RelWithDebInfo|x64
		{8B1FA3A7-4B55-35AF-B5F9-001CC01AEC13}.RelWithDebInfo|x64.Build.0 = RelWithDebInfo|x64
		{512CBD64-5434-32FF-BAB8-3978BEF99BD4}.Debug|x64.ActiveCfg = Debug|x64
		{512CBD64-5434-32FF-BAB8-3978BEF99BD4}.Debug|x64.Build.0 = Debug|x64
		{512CBD64-5434-32FF-BAB8-3978BEF99BD4}.Release|x64.ActiveCfg = Release|x64
		{512CBD64-5434-32FF-BAB8-3978BEF99BD4}.Release|x64.Build.0 = Release|x64
		{512CBD64-5434-32FF-BAB8-3978BEF99BD4}.MinSizeRel|x64.ActiveCfg = MinSizeRel|x64
		{512CBD64-5434-32FF-BAB8-3978BEF99BD4}.MinSizeRel|x64.Build.0 = MinSizeRel|x64
		{512CBD64-5434-32FF-BAB8-3978BEF99BD4}.RelWithDebInfo|x64.ActiveCfg = RelWithDebInfo|x64
		{512CBD64-5434-32FF-BAB8-3978BEF99BD4}.RelWithDebInfo|x64.Build.0 = RelWithDebInfo|x64
		{A6800355-66D8-394F-AFAA-719E01A97022}.Debug|x64.ActiveCfg = Debug|x64
		{A6800355-66D8-394F-AFAA-719E01A97022}.Debug|x64.Build.0 = Debug|x64
		{A6800355-66D8-394F-AFAA-719E01A97022}.Release|x64.ActiveCfg = Release|x64
		{A6800355-66D8-394F-AFAA-719E01A97022}.Release|x64.Build.0 = Release|x64
		{A6800355-66D8-394F-AFAA-719E01A97022}.MinSizeRel|x64.ActiveCfg = MinSizeRel|x64
		{A6800355-66D8-394F-AFAA-719E01A97022}.MinSizeRel|x64.Build.0 = MinSizeRel|x64
		{A6800355-66D8-394F-AFAA-719E01A97022}.RelWithDebInfo|x64.ActiveCfg = RelWithDebInfo|x64
		{A6800355-66D8-394F-AFAA-719E01A97022}.RelWithDebInfo|x64.Build.0 = RelWithDebInfo|x64
		{2A02E4EC-19DB-3193-A237-09C7702A3661}.Debug|x64.ActiveCfg = Debug|x64
		{2A02E4EC-19DB-3193-A237-09C7702A3661}.Debug|x64.Build.0 = Debug|x64
		{2A02E4EC-19DB-3193-A237-09C7702A3661}.Release|x64.ActiveCfg = Release|x64
		{2A02E4EC-19DB-3193-A237-09C7702A3661}.Release|x64.Build.0 = Release|x64
		{2A02E4EC-19DB-3193-A237-09C7702A3661}.MinSizeRel|x64.ActiveCfg = MinSizeRel|x64
		{2A02E4EC-19DB-3193-A237-09C7702A3661}.MinSizeRel|x64.Build.0 = MinSizeRel|x64
		{2A02E4EC-19DB-3193-A237-09C7702A3661}.RelWithDebInfo|x64.ActiveCfg = RelWithDebInfo|x64
		{2A02E4EC-19DB-3193-A237-09C7702A3661}.RelWithDebInfo|x64.Build.0 = RelWithDebInfo|x64
		{F09E3B86-DD39-30B9-B9AD-674F712E53F2}.Debug|x64.ActiveCfg = Debug|x64
		{F09E3B86-DD39-30B9-B9AD-674F712E53F2}.Debug|x64.Build.0 = Debug|x64
		{F09E3B86-DD39-30B9-B9AD-674F712E53F2}.Release|x64.ActiveCfg = Release|x64
		{F09E3B86-DD39-30B9-B9AD-674F712E53F2}.Release|x64.Build.0 = Release|x64
		{F09E3B86-DD39-30B9-B9AD-674F712E53F2}.MinSizeRel|x64.ActiveCfg = MinSizeRel|x64
		{F09E3B86-DD39-30B9-B9AD-674F712E53F2}.MinSizeRel|x64.Build.0 = MinSizeRel|x64
		{F09E3B86-DD39-30B9-B9AD-674F712E53F2}.RelWithDebInfo|x64.ActiveCfg = RelWithDebInfo|x64
		{F09E3B86-DD39-30B9-B9AD-674F712E53F2}.RelWithDebInfo|x64.Build.0 = RelWithDebInfo|x64
		{6A8F1104-CFD0-356F-8684-77200E569215}.Debug|x64.ActiveCfg = Debug|x64
		{6A8F1104-CFD0-356F-8684-77200E569215}.Debug|x64.Build.0 = Debug|x64
		{6A8F1104-CFD0-356F-8684-77200E569215}.Release|x64.ActiveCfg = Release|x64
		{6A8F1104-CFD0-356F-8684-77200E569215}.Release|x64.Build.0 = Release|x64
		{6A8F1104-CFD0-356F-8684-77200E569215}.MinSizeRel|x64.ActiveCfg = MinSizeRel|x64
		{6A8F1104-CFD0-356F-8684-77200E569215}.MinSizeRel|x64.Build.0 = MinSizeRel|x64
		{6A8F1104-CFD0-356F-8684-77200E569215}.RelWithDebInfo|x64.ActiveCfg = RelWithDebInfo|x64
		{6A8F1104-CFD0-356F-8684-77200E569215}.RelWithDebInfo|x64.Build.0 = RelWithDebInfo|x64
		{E26C76D4-CB6C-314A-9FAE-D9E348D703C4}.Debug|x64.ActiveCfg = Debug|x64
		{E26C76D4-CB6C-314A-9FAE-D9E348D703C4}.Debug|x64.Build.0 = Debug|x64
		{E26C76D4-CB6C-314A-9FAE-D9E348D703C4}.Release|x64.ActiveCfg = Release|x64
		{E26C76D4-CB6C-314A-9FAE-D9E348D703C4}.Release|x64.Build.0 = Release|x64
		{E26C76D4-CB6C-314A-9FAE-D9E348D703C4}.MinSizeRel|x64.ActiveCfg = MinSizeRel|x64
		{E26C76D4-CB6C-314A-9FAE-D9E348D703C4}.MinSizeRel|x64.Build.0 = MinSizeRel|x64
		{E26C76D4-CB6C-314A-9FAE-D9E348D703C4}.RelWithDebInfo|x64.ActiveCfg = RelWithDebInfo|x64
		{E26C76D4-CB6C-314A-9FAE-D9E348D703C4}.RelWithDebInfo|x64.Build.0 = RelWithDebInfo|x64
		{5B9AEC82-2DCB-3915-942A-09CA752EE419}.Debug|x64.ActiveCfg = Debug|x64
		{5B9AEC82-2DCB-3915-942A-09CA752EE419}.Debug|x64.Build.0 = Debug|x64
		{5B9AEC82-2DCB-3915-942A-09CA752EE419}.Release|x64.ActiveCfg = Release|x64
		{5B9AEC82-2DCB-3915-942A-09CA752EE419}.Release|x64.Build.0 = Release|x64
		{5B9AEC82-2DCB-3915-942A-09CA752EE419}.MinSizeRel|x64.ActiveCfg = MinSizeRel|x64
		{5B9AEC82-2DCB-3915-942A-09CA752EE419}.MinSizeRel|x64.Build.0 = MinSizeRel|x64
		{5B9AEC82-2DCB-3915-942A-09CA752EE419}.RelWithDebInfo|x64.ActiveCfg = RelWithDebInfo|x64
		{5B9AEC82-2DCB-3915-942A-09CA752EE419}.RelWithDebInfo|x64.Build.0 = RelWithDebInfo|x64
		{73C8AFEE-B9B6-3DA3-B2A4-00C3E4E5C844}.Debug|x64.ActiveCfg = Debug|x64
		{73C8AFEE-B9B6-3DA3-B2A4-00C3E4E5C844}.Debug|x64.Build.0 = Debug|x64
		{73C8AFEE-B9B6-3DA3-B2A4-00C3E4E5C844}.Release|x64.ActiveCfg = Release|x64
		{73C8AFEE-B9B6-3DA3-B2A4-00C3E4E5C844}.Release|x64.Build.0 = Release|x64
		{73C8AFEE-B9B6-3DA3-B2A4-00C3E4E5C844}.MinSizeRel|x64.ActiveCfg = MinSizeRel|x64
		{73C8AFEE-B9B6-3DA3-B2A4-00C3E4E5C844}.MinSizeRel|x64.Build.0 = MinSizeRel|x64
		{73C8AFEE-B9B6-3DA3-B2A4-00C3E4E5C844}.RelWithDebInfo|x64.ActiveCfg = RelWithDebInfo|x64
		{73C8AFEE-B9B6-3DA3-B2A4-00C3E4E5C844}.RelWithDebInfo|x64.Build.0 = RelWithDebInfo|x64
		{2149A03A-2C7F-3E1F-B677-BEF15CE6BD41}.Debug|x64.ActiveCfg = Debug|x64
		{2149A03A-2C7F-3E1F-B677-BEF15CE6BD41}.Debug|x64.Build.0 = Debug|x64
		{2149A03A-2C7F-3E1F-B677-BEF15CE6BD41}.Release|x64.ActiveCfg = Release|x64
		{2149A03A-2C7F-3E1F-B677-BEF15CE6BD41}.Release|x64.Build.0 = Release|x64
		{2149A03A-2C7F-3E1F-B677-BEF15CE6BD41}.MinSizeRel|x64.ActiveCfg = MinSizeRel|x64
		{2149A03A-2C7F-3E1F-B677-BEF15CE6BD41}.MinSizeRel|x64.Build.0 = MinSizeRel|x64
		{2149A03A-2C7F-3E1F-B677-BEF15CE6BD41}.RelWithDebInfo|x64.ActiveCfg = RelWithDebInfo|x64
		{2149A03A-2C7F-3E1F-B677-BEF15CE6BD41}.RelWithDebInfo|x64.Build.0 = RelWithDebInfo|x64
		{B8C6FEEB-74FB-320C-B072-B1555A4E45C6}.Debug|x64.ActiveCfg = Debug|x64
		{B8C6FEEB-74FB-320C-B072-B1555A4E45C6}.Debug|x64.Build.0 = Debug|x64
		{B8C6FEEB-74FB-320C-B072-B1555A4E45C6}.Release|x64.ActiveCfg = Release|x64
		{B8C6FEEB-74FB-320C-B072-B1555A4E45C6}.Release|x64.Build.0 = Release|x64
		{B8C6FEEB-74FB-320C-B072-B1555A4E45C6}.MinSizeRel|x64.ActiveCfg = MinSizeRel|x64
		{B8C6FEEB-74FB-320C-B072-B1555A4E45C6}.MinSizeRel|x64.Build.0 = MinSizeRel|x64
		{B8C6FEEB-74FB-320C-B072-B1555A4E45C6}.RelWithDebInfo|x64.ActiveCfg = RelWithDebInfo|x64
		{B8C6FEEB-74FB-320C-B072-B1555A4E45C6}.RelWithDebInfo|x64.Build.0 = RelWithDebInfo|x64
		{40BD45A9-08B2-3DA1-90FD-D74231C81147}.Debug|x64.ActiveCfg = Debug|x64
		{40BD45A9-08B2-3DA1-90FD-D74231C81147}.Debug|x64.Build.0 = Debug|x64
		{40BD45A9-08B2-3DA1-90FD-D74231C81147}.Release|x64.ActiveCfg = Release|x64
		{40BD45A9-08B2-3DA1-90FD-D74231C81147}.Release|x64.Build.0 = Release|x64
		{40BD45A9-08B2-3DA1-90FD-D74231C81147}.MinSizeRel|x64.ActiveCfg = MinSizeRel|x64
		{40BD45A9-08B2-3DA1-90FD-D74231C81147}.MinSizeRel|x64.Build.0 = MinSizeRel|x64
		{40BD45A9-08B2-3DA1-90FD-D74231C81147}.RelWithDebInfo|x64.ActiveCfg = RelWithDebInfo|x64
		{40BD45A9-08B2-3DA1-90FD-D74231C81147}.RelWithDebInfo|x64.Build.0 = RelWithDebInfo|x64
		{30795B5B-9705-3691-A445-CD46B9838563}.Debug|x64.ActiveCfg = Debug|x64
		{30795B5B-9705-3691-A445-CD46B9838563}.Debug|x64.Build.0 = Debug|x64
		{30795B5B-9705-3691-A445-CD46B9838563}.Release|x64.ActiveCfg = Release|x64
		{30795B5B-9705-3691-A445-CD46B9838563}.Release|x64.Build.0 = Release|x64
		{30795B5B-9705-3691-A445-CD46B9838563}.MinSizeRel|x64.ActiveCfg = MinSizeRel|x64
		{30795B5B-9705-3691-A445-CD46B9838563}.MinSizeRel|x64.Build.0 = MinSizeRel|x64
		{30795B5B-9705-3691-A445-CD46B9838563}.RelWithDebInfo|x64.ActiveCfg = RelWithDebInfo|x64
		{30795B5B-9705-3691-A445-CD46B9838563}.RelWithDebInfo|x64.Build.0 = RelWithDebInfo|x64
		{CDEF1136-56D1-39C3-92C1-A5032CAB5319}.Debug|x64.ActiveCfg = Debug|x64
		{CDEF1136-56D1-39C3-92C1-A5032CAB5319}.Debug|x64.Build.0 = Debug|x64
		{CDEF1136-56D1-39C3-92C1-A5032CAB5319}.Release|x64.ActiveCfg = Release|x64
		{CDEF1136-56D1-39C3-92C1-A5032CAB5319}.Release|x64.Build.0 = Release|x64
		{CDEF1136-56D1-39C3-92C1-A5032CAB5319}.MinSizeRel|x64.ActiveCfg = MinSizeRel|x64
		{CDEF1136-56D1-39C3-92C1-A5032CAB5319}.MinSizeRel|x64.Build.0 = MinSizeRel|x64
		{CDEF1136-56D1-39C3-92C1-A5032CAB5319}.RelWithDebInfo|x64.ActiveCfg = RelWithDebInfo|x64
		{CDEF1136-56D1-39C3-92C1-A5032CAB5319}.RelWithDebInfo|x64.Build.0 = RelWithDebInfo|x64
		{FBDC1D45-76EE-3AC9-9020-09CA4A877A9D}.Debug|x64.ActiveCfg = Debug|x64
		{FBDC1D45-76EE-3AC9-9020-09CA4A877A9D}.Debug|x64.Build.0 = Debug|x64
		{FBDC1D45-76EE-3AC9-9020-09CA4A877A9D}.Release|x64.ActiveCfg = Release|x64
		{FBDC1D45-76EE-3AC9-9020-09CA4A877A9D}.Release|x64.Build.0 = Release|x64
		{FBDC1D45-76EE-3AC9-9020-09CA4A877A9D}.MinSizeRel|x64.ActiveCfg = MinSizeRel|x64
		{FBDC1D45-76EE-3AC9-9020-09CA4A877A9D}.MinSizeRel|x64.Build.0 = MinSizeRel|x64
		{FBDC1D45-76EE-3AC9-9020-09CA4A877A9D}.RelWithDebInfo|x64.ActiveCfg = RelWithDebInfo|x64
		{FBDC1D45-76EE-3AC9-9020-09CA4A877A9D}.RelWithDebInfo|x64.Build.0 = RelWithDebInfo|x64
		{03353EC2-EE53-3414-9C67-54DCB7FF7292}.Debug|x64.ActiveCfg = Debug|x64
		{03353EC2-EE53-3414-9C67-54DCB7FF7292}.Debug|x64.Build.0 = Debug|x64
		{03353EC2-EE53-3414-9C67-54DCB7FF7292}.Release|x64.ActiveCfg = Release|x64
		{03353EC2-EE53-3414-9C67-54DCB7FF7292}.Release|x64.Build.0 = Release|x64
		{03353EC2-EE53-3414-9C67-54DCB7FF7292}.MinSizeRel|x64.ActiveCfg = MinSizeRel|x64
		{03353EC2-EE53-3414-9C67-54DCB7FF7292}.MinSizeRel|x64.Build.0 = MinSizeRel|x64
		{03353EC2-EE53-3414-9C67-54DCB7FF7292}.RelWithDebInfo|x64.ActiveCfg = RelWithDebInfo|x64
		{03353EC2-EE53-3414-9C67-54DCB7FF7292}.RelWithDebInfo|x64.Build.0 = RelWithDebInfo|x64
		{31F7805B-43F8-3C95-884D-CF44778905A6}.Debug|x64.ActiveCfg = Debug|x64
		{31F7805B-43F8-3C95-884D-CF44778905A6}.Debug|x64.Build.0 = Debug|x64
		{31F7805B-43F8-3C95-884D-CF44778905A6}.Release|x64.ActiveCfg = Release|x64
		{31F7805B-43F8-3C95-884D-CF44778905A6}.Release|x64.Build.0 = Release|x64
		{31F7805B-43F8-3C95-884D-CF44778905A6}.MinSizeRel|x64.ActiveCfg = MinSizeRel|x64
		{31F7805B-43F8-3C95-884D-CF44778905A6}.MinSizeRel|x64.Build.0 = MinSizeRel|x64
		{31F7805B-43F8-3C95-884D-CF44778905A6}.RelWithDebInfo|x64.ActiveCfg = RelWithDebInfo|x64
		{31F7805B-43F8-3C95-884D-CF44778905A6}.RelWithDebInfo|x64.Build.0 = RelWithDebInfo|x64
		{083CFA9B-3C26-3F82-BAFA-830FC67B6BB6}.Debug|x64.ActiveCfg = Debug|x64
		{083CFA9B-3C26-3F82-BAFA-830FC67B6BB6}.Release|x64.ActiveCfg = Release|x64
		{083CFA9B-3C26-3F82-BAFA-830FC67B6BB6}.MinSizeRel|x64.ActiveCfg = MinSizeRel|x64
		{083CFA9B-3C26-3F82-BAFA-830FC67B6BB6}.RelWithDebInfo|x64.ActiveCfg = RelWithDebInfo|x64
		{55152DBA-14DB-3EA1-9B3D-619EE0A6836E}.Debug|x64.ActiveCfg = Debug|x64
		{55152DBA-14DB-3EA1-9B3D-619EE0A6836E}.Debug|x64.Build.0 = Debug|x64
		{55152DBA-14DB-3EA1-9B3D-619EE0A6836E}.Release|x64.ActiveCfg = Release|x64
		{55152DBA-14DB-3EA1-9B3D-619EE0A6836E}.Release|x64.Build.0 = Release|x64
		{55152DBA-14DB-3EA1-9B3D-619EE0A6836E}.MinSizeRel|x64.ActiveCfg = MinSizeRel|x64
		{55152DBA-14DB-3EA1-9B3D-619EE0A6836E}.MinSizeRel|x64.Build.0 = MinSizeRel|x64
		{55152DBA-14DB-3EA1-9B3D-619EE0A6836E}.RelWithDebInfo|x64.ActiveCfg = RelWithDebInfo|x64
		{55152DBA-14DB-3EA1-9B3D-619EE0A6836E}.RelWithDebInfo|x64.Build.0 = RelWithDebInfo|x64
		{65A01C45-CCCC-316F-96F2-0BAE9CB1A3BD}.Debug|x64.ActiveCfg = Debug|x64
		{65A01C45-CCCC-316F-96F2-0BAE9CB1A3BD}.Debug|x64.Build.0 = Debug|x64
		{65A01C45-CCCC-316F-96F2-0BAE9CB1A3BD}.Release|x64.ActiveCfg = Release|x64
		{65A01C45-CCCC-316F-96F2-0BAE9CB1A3BD}.Release|x64.Build.0 = Release|x64
		{65A01C45-CCCC-316F-96F2-0BAE9CB1A3BD}.MinSizeRel|x64.ActiveCfg = MinSizeRel|x64
		{65A01C45-CCCC-316F-96F2-0BAE9CB1A3BD}.MinSizeRel|x64.Build.0 = MinSizeRel|x64
		{65A01C45-CCCC-316F-96F2-0BAE9CB1A3BD}.RelWithDebInfo|x64.ActiveCfg = RelWithDebInfo|x64
		{65A01C45-CCCC-316F-96F2-0BAE9CB1A3BD}.RelWithDebInfo|x64.Build.0 = RelWithDebInfo|x64
	EndGlobalSection
	GlobalSection(NestedProjects) = preSolution
		{EDD010C8-FF10-33C4-AD22-C1CFA0A64F3D} = {E5A8A76E-B5FE-388F-97CE-D250D8EF0282}
		{935B93FA-4F9D-3083-A7AA-F580CCDE6AF2} = {E5A8A76E-B5FE-388F-97CE-D250D8EF0282}
		{52B78AE7-BF5E-3164-B0FB-5FC3157709CC} = {E5A8A76E-B5FE-388F-97CE-D250D8EF0282}
		{CEE31196-0758-3625-8075-FAB350CCA618} = {0691BD8E-1E66-3F0B-82CA-4E66EF1CE86E}
		{B1A81D51-1028-3DA3-934F-148D1FB56EB1} = {0691BD8E-1E66-3F0B-82CA-4E66EF1CE86E}
		{8B1FA3A7-4B55-35AF-B5F9-001CC01AEC13} = {0691BD8E-1E66-3F0B-82CA-4E66EF1CE86E}
		{64905411-5CFF-3932-AB40-548309EB6980} = {CEE31196-0758-3625-8075-FAB350CCA618}
		{AEEFD25A-E064-3C42-AE15-EE5079924E64} = {CEE31196-0758-3625-8075-FAB350CCA618}
		{A6800355-66D8-394F-AFAA-719E01A97022} = {CEE31196-0758-3625-8075-FAB350CCA618}
		{73C8AFEE-B9B6-3DA3-B2A4-00C3E4E5C844} = {CEE31196-0758-3625-8075-FAB350CCA618}
		{40BD45A9-08B2-3DA1-90FD-D74231C81147} = {CEE31196-0758-3625-8075-FAB350CCA618}
		{30795B5B-9705-3691-A445-CD46B9838563} = {CEE31196-0758-3625-8075-FAB350CCA618}
		{55152DBA-14DB-3EA1-9B3D-619EE0A6836E} = {CEE31196-0758-3625-8075-FAB350CCA618}
		{5A85922A-36A8-373B-9C6D-705352B8F2C7} = {B1A81D51-1028-3DA3-934F-148D1FB56EB1}
		{2AE8441F-AC66-3774-8612-E78BF1AB1F1D} = {B1A81D51-1028-3DA3-934F-148D1FB56EB1}
		{5908725D-9BEE-3AA5-A257-A6F72E320F32} = {B1A81D51-1028-3DA3-934F-148D1FB56EB1}
		{6601A323-6959-39AF-A0AF-610CA3FEE04B} = {B1A81D51-1028-3DA3-934F-148D1FB56EB1}
		{820356C1-33C9-3928-A5F1-E561A0EE9FCE} = {B1A81D51-1028-3DA3-934F-148D1FB56EB1}
		{512CBD64-5434-32FF-BAB8-3978BEF99BD4} = {B1A81D51-1028-3DA3-934F-148D1FB56EB1}
		{2A02E4EC-19DB-3193-A237-09C7702A3661} = {B1A81D51-1028-3DA3-934F-148D1FB56EB1}
		{F09E3B86-DD39-30B9-B9AD-674F712E53F2} = {B1A81D51-1028-3DA3-934F-148D1FB56EB1}
		{6A8F1104-CFD0-356F-8684-77200E569215} = {B1A81D51-1028-3DA3-934F-148D1FB56EB1}
		{E26C76D4-CB6C-314A-9FAE-D9E348D703C4} = {B1A81D51-1028-3DA3-934F-148D1FB56EB1}
		{5B9AEC82-2DCB-3915-942A-09CA752EE419} = {B1A81D51-1028-3DA3-934F-148D1FB56EB1}
		{2149A03A-2C7F-3E1F-B677-BEF15CE6BD41} = {B1A81D51-1028-3DA3-934F-148D1FB56EB1}
		{B8C6FEEB-74FB-320C-B072-B1555A4E45C6} = {B1A81D51-1028-3DA3-934F-148D1FB56EB1}
		{CDEF1136-56D1-39C3-92C1-A5032CAB5319} = {B1A81D51-1028-3DA3-934F-148D1FB56EB1}
		{FBDC1D45-76EE-3AC9-9020-09CA4A877A9D} = {B1A81D51-1028-3DA3-934F-148D1FB56EB1}
		{03353EC2-EE53-3414-9C67-54DCB7FF7292} = {B1A81D51-1028-3DA3-934F-148D1FB56EB1}
		{31F7805B-43F8-3C95-884D-CF44778905A6} = {B1A81D51-1028-3DA3-934F-148D1FB56EB1}
		{65A01C45-CCCC-316F-96F2-0BAE9CB1A3BD} = {B1A81D51-1028-3DA3-934F-148D1FB56EB1}
	EndGlobalSection
	GlobalSection(ExtensibilityGlobals) = postSolution
		SolutionGuid = {949E28CD-BF6D-3A6A-B639-A1FE60674ED6}
	EndGlobalSection
	GlobalSection(ExtensibilityAddIns) = postSolution
	EndGlobalSection
EndGlobal
