Microsoft Visual Studio Solution File, Format Version 12.00
# Visual Studio 15
Project("{2150E333-8FDC-42A3-9474-1A3956D46DE8}") = "CMakePredefinedTargets", "CMakePredefinedTargets", "{7B51A164-C536-3879-A6B0-F42485F6B183}"
EndProject
Project("{2150E333-8FDC-42A3-9474-1A3956D46DE8}") = "GLFW3", "GLFW3", "{07F599C1-C931-3F74-9E35-0973B87D04BE}"
EndProject
Project("{2150E333-8FDC-42A3-9474-1A3956D46DE8}") = "Examples", "GLFW3\Examples", "{95DC923C-356A-32DC-8F39-53539CA475FF}"
EndProject
Project("{2150E333-8FDC-42A3-9474-1A3956D46DE8}") = "Tests", "GLFW3\Tests", "{90489A79-B25C-3BDB-8BB9-1DBC4661D270}"
EndProject
Project("{8BC9CEB8-8B4A-11D0-8D11-00A0C91BC942}") = "ALL_BUILD", "ALL_BUILD.vcxproj", "{FF974AC4-C21A-3E61-A010-6D32C67547A2}"
	ProjectSection(ProjectDependencies) = postProject
		{6833F845-A736-316C-96EB-D1D4AB3311A8} = {6833F845-A736-316C-96EB-D1D4AB3311A8}
		{15677F66-5F52-3856-863E-4FD3B7D695C5} = {15677F66-5F52-3856-863E-4FD3B7D695C5}
		{4A635238-9F9F-38BD-8A26-0C24DF5FA6B0} = {4A635238-9F9F-38BD-8A26-0C24DF5FA6B0}
		{12173726-591A-3A2F-94DF-A50BA82AF0E5} = {12173726-591A-3A2F-94DF-A50BA82AF0E5}
		{7E41080D-FFF8-333D-A73E-DFE85D665871} = {7E41080D-FFF8-333D-A73E-DFE85D665871}
		{05CEB748-7E01-30CA-8C79-905E24218FC8} = {05CEB748-7E01-30CA-8C79-905E24218FC8}
		{E9920A36-8109-386D-8282-C8DEEF4CCFFC} = {E9920A36-8109-386D-8282-C8DEEF4CCFFC}
		{23335F0E-09B4-3A47-BA48-664C4AABE7D9} = {23335F0E-09B4-3A47-BA48-664C4AABE7D9}
		{4BB0DBCE-A4B1-3380-9162-0DBA60D5551A} = {4BB0DBCE-A4B1-3380-9162-0DBA60D5551A}
		{F9ECC57C-5442-3EF6-8A5D-FF8D867859D2} = {F9ECC57C-5442-3EF6-8A5D-FF8D867859D2}
		{1AE89D4C-9434-3A1A-99FA-E3C2953AE86E} = {1AE89D4C-9434-3A1A-99FA-E3C2953AE86E}
		{CC2D40FD-B3AC-32B4-A5BB-2E137C180908} = {CC2D40FD-B3AC-32B4-A5BB-2E137C180908}
		{D1559890-E697-3EF0-8E03-B608F44420A5} = {D1559890-E697-3EF0-8E03-B608F44420A5}
		{4F0460C2-07D9-363C-953E-F640D6A32ECC} = {4F0460C2-07D9-363C-953E-F640D6A32ECC}
		{853B4400-502E-311B-90B4-4CA7375C75E7} = {853B4400-502E-311B-90B4-4CA7375C75E7}
		{057E4064-2847-3A71-8D86-1F10ECF9C123} = {057E4064-2847-3A71-8D86-1F10ECF9C123}
		{6A22431C-866E-3B5B-A5C1-1B897A093A5A} = {6A22431C-866E-3B5B-A5C1-1B897A093A5A}
		{DD022CBF-3900-3020-95A0-025B200CB7DA} = {DD022CBF-3900-3020-95A0-025B200CB7DA}
		{FB63A498-F2DE-3DBC-8BA5-7E6F7A93B9A4} = {FB63A498-F2DE-3DBC-8BA5-7E6F7A93B9A4}
		{1FE24D61-D3D6-3567-ACED-BC11BDACB651} = {1FE24D61-D3D6-3567-ACED-BC11BDACB651}
		{B11A8100-74E2-37B2-963B-03D0F1C5EEAA} = {B11A8100-74E2-37B2-963B-03D0F1C5EEAA}
		{F6FBD616-6688-3C16-A754-551C09E34454} = {F6FBD616-6688-3C16-A754-551C09E34454}
		{A50AA0C9-8EBF-3908-9F89-0ABC51AC5EC5} = {A50AA0C9-8EBF-3908-9F89-0ABC51AC5EC5}
		{9F6D8C91-5939-3D86-886A-1F141CDA390E} = {9F6D8C91-5939-3D86-886A-1F141CDA390E}
		{04336F4C-041E-30F8-A4C8-25445A6A71C1} = {04336F4C-041E-30F8-A4C8-25445A6A71C1}
		{0A793C79-AF43-3F91-A96B-FB7DD8FA52D0} = {0A793C79-AF43-3F91-A96B-FB7DD8FA52D0}
		{5CC5A227-ADBA-3FCD-B8A7-98D309B3BFA1} = {5CC5A227-ADBA-3FCD-B8A7-98D309B3BFA1}
	EndProjectSection
EndProject
Project("{8BC9CEB8-8B4A-11D0-8D11-00A0C91BC942}") = "INSTALL", "INSTALL.vcxproj", "{DF051AE3-8532-3AE8-9CC0-C669B8878179}"
	ProjectSection(ProjectDependencies) = postProject
		{FF974AC4-C21A-3E61-A010-6D32C67547A2} = {FF974AC4-C21A-3E61-A010-6D32C67547A2}
		{6833F845-A736-316C-96EB-D1D4AB3311A8} = {6833F845-A736-316C-96EB-D1D4AB3311A8}
	EndProjectSection
EndProject
Project("{8BC9CEB8-8B4A-11D0-8D11-00A0C91BC942}") = "ZERO_CHECK", "ZERO_CHECK.vcxproj", "{6833F845-A736-316C-96EB-D1D4AB3311A8}"
	ProjectSection(ProjectDependencies) = postProject
	EndProjectSection
EndProject
Project("{8BC9CEB8-8B4A-11D0-8D11-00A0C91BC942}") = "boing", "examples\boing.vcxproj", "{15677F66-5F52-3856-863E-4FD3B7D695C5}"
	ProjectSection(ProjectDependencies) = postProject
		{6833F845-A736-316C-96EB-D1D4AB3311A8} = {6833F845-A736-316C-96EB-D1D4AB3311A8}
		{4BB0DBCE-A4B1-3380-9162-0DBA60D5551A} = {4BB0DBCE-A4B1-3380-9162-0DBA60D5551A}
	EndProjectSection
EndProject
Project("{8BC9CEB8-8B4A-11D0-8D11-00A0C91BC942}") = "clipboard", "tests\clipboard.vcxproj", "{4A635238-9F9F-38BD-8A26-0C24DF5FA6B0}"
	ProjectSection(ProjectDependencies) = postProject
		{6833F845-A736-316C-96EB-D1D4AB3311A8} = {6833F845-A736-316C-96EB-D1D4AB3311A8}
		{4BB0DBCE-A4B1-3380-9162-0DBA60D5551A} = {4BB0DBCE-A4B1-3380-9162-0DBA60D5551A}
	EndProjectSection
EndProject
Project("{8BC9CEB8-8B4A-11D0-8D11-00A0C91BC942}") = "cursor", "tests\cursor.vcxproj", "{12173726-591A-3A2F-94DF-A50BA82AF0E5}"
	ProjectSection(ProjectDependencies) = postProject
		{6833F845-A736-316C-96EB-D1D4AB3311A8} = {6833F845-A736-316C-96EB-D1D4AB3311A8}
		{4BB0DBCE-A4B1-3380-9162-0DBA60D5551A} = {4BB0DBCE-A4B1-3380-9162-0DBA60D5551A}
	EndProjectSection
EndProject
Project("{8BC9CEB8-8B4A-11D0-8D11-00A0C91BC942}") = "empty", "tests\empty.vcxproj", "{7E41080D-FFF8-333D-A73E-DFE85D665871}"
	ProjectSection(ProjectDependencies) = postProject
		{6833F845-A736-316C-96EB-D1D4AB3311A8} = {6833F845-A736-316C-96EB-D1D4AB3311A8}
		{4BB0DBCE-A4B1-3380-9162-0DBA60D5551A} = {4BB0DBCE-A4B1-3380-9162-0DBA60D5551A}
	EndProjectSection
EndProject
Project("{8BC9CEB8-8B4A-11D0-8D11-00A0C91BC942}") = "events", "tests\events.vcxproj", "{05CEB748-7E01-30CA-8C79-905E24218FC8}"
	ProjectSection(ProjectDependencies) = postProject
		{6833F845-A736-316C-96EB-D1D4AB3311A8} = {6833F845-A736-316C-96EB-D1D4AB3311A8}
		{4BB0DBCE-A4B1-3380-9162-0DBA60D5551A} = {4BB0DBCE-A4B1-3380-9162-0DBA60D5551A}
	EndProjectSection
EndProject
Project("{8BC9CEB8-8B4A-11D0-8D11-00A0C91BC942}") = "gamma", "tests\gamma.vcxproj", "{E9920A36-8109-386D-8282-C8DEEF4CCFFC}"
	ProjectSection(ProjectDependencies) = postProject
		{6833F845-A736-316C-96EB-D1D4AB3311A8} = {6833F845-A736-316C-96EB-D1D4AB3311A8}
		{4BB0DBCE-A4B1-3380-9162-0DBA60D5551A} = {4BB0DBCE-A4B1-3380-9162-0DBA60D5551A}
	EndProjectSection
EndProject
Project("{8BC9CEB8-8B4A-11D0-8D11-00A0C91BC942}") = "gears", "examples\gears.vcxproj", "{23335F0E-09B4-3A47-BA48-664C4AABE7D9}"
	ProjectSection(ProjectDependencies) = postProject
		{6833F845-A736-316C-96EB-D1D4AB3311A8} = {6833F845-A736-316C-96EB-D1D4AB3311A8}
		{4BB0DBCE-A4B1-3380-9162-0DBA60D5551A} = {4BB0DBCE-A4B1-3380-9162-0DBA60D5551A}
	EndProjectSection
EndProject
Project("{8BC9CEB8-8B4A-11D0-8D11-00A0C91BC942}") = "glfw", "src\glfw.vcxproj", "{4BB0DBCE-A4B1-3380-9162-0DBA60D5551A}"
	ProjectSection(ProjectDependencies) = postProject
		{6833F845-A736-316C-96EB-D1D4AB3311A8} = {6833F845-A736-316C-96EB-D1D4AB3311A8}
	EndProjectSection
EndProject
Project("{8BC9CEB8-8B4A-11D0-8D11-00A0C91BC942}") = "glfwinfo", "tests\glfwinfo.vcxproj", "{F9ECC57C-5442-3EF6-8A5D-FF8D867859D2}"
	ProjectSection(ProjectDependencies) = postProject
		{6833F845-A736-316C-96EB-D1D4AB3311A8} = {6833F845-A736-316C-96EB-D1D4AB3311A8}
		{4BB0DBCE-A4B1-3380-9162-0DBA60D5551A} = {4BB0DBCE-A4B1-3380-9162-0DBA60D5551A}
	EndProjectSection
EndProject
Project("{8BC9CEB8-8B4A-11D0-8D11-00A0C91BC942}") = "heightmap", "examples\heightmap.vcxproj", "{1AE89D4C-9434-3A1A-99FA-E3C2953AE86E}"
	ProjectSection(ProjectDependencies) = postProject
		{6833F845-A736-316C-96EB-D1D4AB3311A8} = {6833F845-A736-316C-96EB-D1D4AB3311A8}
		{4BB0DBCE-A4B1-3380-9162-0DBA60D5551A} = {4BB0DBCE-A4B1-3380-9162-0DBA60D5551A}
	EndProjectSection
EndProject
Project("{8BC9CEB8-8B4A-11D0-8D11-00A0C91BC942}") = "icon", "tests\icon.vcxproj", "{CC2D40FD-B3AC-32B4-A5BB-2E137C180908}"
	ProjectSection(ProjectDependencies) = postProject
		{6833F845-A736-316C-96EB-D1D4AB3311A8} = {6833F845-A736-316C-96EB-D1D4AB3311A8}
		{4BB0DBCE-A4B1-3380-9162-0DBA60D5551A} = {4BB0DBCE-A4B1-3380-9162-0DBA60D5551A}
	EndProjectSection
EndProject
Project("{8BC9CEB8-8B4A-11D0-8D11-00A0C91BC942}") = "iconify", "tests\iconify.vcxproj", "{D1559890-E697-3EF0-8E03-B608F44420A5}"
	ProjectSection(ProjectDependencies) = postProject
		{6833F845-A736-316C-96EB-D1D4AB3311A8} = {6833F845-A736-316C-96EB-D1D4AB3311A8}
		{4BB0DBCE-A4B1-3380-9162-0DBA60D5551A} = {4BB0DBCE-A4B1-3380-9162-0DBA60D5551A}
	EndProjectSection
EndProject
Project("{8BC9CEB8-8B4A-11D0-8D11-00A0C91BC942}") = "joysticks", "tests\joysticks.vcxproj", "{4F0460C2-07D9-363C-953E-F640D6A32ECC}"
	ProjectSection(ProjectDependencies) = postProject
		{6833F845-A736-316C-96EB-D1D4AB3311A8} = {6833F845-A736-316C-96EB-D1D4AB3311A8}
		{4BB0DBCE-A4B1-3380-9162-0DBA60D5551A} = {4BB0DBCE-A4B1-3380-9162-0DBA60D5551A}
	EndProjectSection
EndProject
Project("{8BC9CEB8-8B4A-11D0-8D11-00A0C91BC942}") = "monitors", "tests\monitors.vcxproj", "{853B4400-502E-311B-90B4-4CA7375C75E7}"
	ProjectSection(ProjectDependencies) = postProject
		{6833F845-A736-316C-96EB-D1D4AB3311A8} = {6833F845-A736-316C-96EB-D1D4AB3311A8}
		{4BB0DBCE-A4B1-3380-9162-0DBA60D5551A} = {4BB0DBCE-A4B1-3380-9162-0DBA60D5551A}
	EndProjectSection
EndProject
Project("{8BC9CEB8-8B4A-11D0-8D11-00A0C91BC942}") = "msaa", "tests\msaa.vcxproj", "{057E4064-2847-3A71-8D86-1F10ECF9C123}"
	ProjectSection(ProjectDependencies) = postProject
		{6833F845-A736-316C-96EB-D1D4AB3311A8} = {6833F845-A736-316C-96EB-D1D4AB3311A8}
		{4BB0DBCE-A4B1-3380-9162-0DBA60D5551A} = {4BB0DBCE-A4B1-3380-9162-0DBA60D5551A}
	EndProjectSection
EndProject
Project("{8BC9CEB8-8B4A-11D0-8D11-00A0C91BC942}") = "particles", "examples\particles.vcxproj", "{6A22431C-866E-3B5B-A5C1-1B897A093A5A}"
	ProjectSection(ProjectDependencies) = postProject
		{6833F845-A736-316C-96EB-D1D4AB3311A8} = {6833F845-A736-316C-96EB-D1D4AB3311A8}
		{4BB0DBCE-A4B1-3380-9162-0DBA60D5551A} = {4BB0DBCE-A4B1-3380-9162-0DBA60D5551A}
	EndProjectSection
EndProject
Project("{8BC9CEB8-8B4A-11D0-8D11-00A0C91BC942}") = "reopen", "tests\reopen.vcxproj", "{DD022CBF-3900-3020-95A0-025B200CB7DA}"
	ProjectSection(ProjectDependencies) = postProject
		{6833F845-A736-316C-96EB-D1D4AB3311A8} = {6833F845-A736-316C-96EB-D1D4AB3311A8}
		{4BB0DBCE-A4B1-3380-9162-0DBA60D5551A} = {4BB0DBCE-A4B1-3380-9162-0DBA60D5551A}
	EndProjectSection
EndProject
Project("{8BC9CEB8-8B4A-11D0-8D11-00A0C91BC942}") = "sharing", "tests\sharing.vcxproj", "{FB63A498-F2DE-3DBC-8BA5-7E6F7A93B9A4}"
	ProjectSection(ProjectDependencies) = postProject
		{6833F845-A736-316C-96EB-D1D4AB3311A8} = {6833F845-A736-316C-96EB-D1D4AB3311A8}
		{4BB0DBCE-A4B1-3380-9162-0DBA60D5551A} = {4BB0DBCE-A4B1-3380-9162-0DBA60D5551A}
	EndProjectSection
EndProject
Project("{8BC9CEB8-8B4A-11D0-8D11-00A0C91BC942}") = "simple", "examples\simple.vcxproj", "{1FE24D61-D3D6-3567-ACED-BC11BDACB651}"
	ProjectSection(ProjectDependencies) = postProject
		{6833F845-A736-316C-96EB-D1D4AB3311A8} = {6833F845-A736-316C-96EB-D1D4AB3311A8}
		{4BB0DBCE-A4B1-3380-9162-0DBA60D5551A} = {4BB0DBCE-A4B1-3380-9162-0DBA60D5551A}
	EndProjectSection
EndProject
Project("{8BC9CEB8-8B4A-11D0-8D11-00A0C91BC942}") = "splitview", "examples\splitview.vcxproj", "{B11A8100-74E2-37B2-963B-03D0F1C5EEAA}"
	ProjectSection(ProjectDependencies) = postProject
		{6833F845-A736-316C-96EB-D1D4AB3311A8} = {6833F845-A736-316C-96EB-D1D4AB3311A8}
		{4BB0DBCE-A4B1-3380-9162-0DBA60D5551A} = {4BB0DBCE-A4B1-3380-9162-0DBA60D5551A}
	EndProjectSection
EndProject
Project("{8BC9CEB8-8B4A-11D0-8D11-00A0C91BC942}") = "tearing", "tests\tearing.vcxproj", "{F6FBD616-6688-3C16-A754-551C09E34454}"
	ProjectSection(ProjectDependencies) = postProject
		{6833F845-A736-316C-96EB-D1D4AB3311A8} = {6833F845-A736-316C-96EB-D1D4AB3311A8}
		{4BB0DBCE-A4B1-3380-9162-0DBA60D5551A} = {4BB0DBCE-A4B1-3380-9162-0DBA60D5551A}
	EndProjectSection
EndProject
Project("{8BC9CEB8-8B4A-11D0-8D11-00A0C91BC942}") = "threads", "tests\threads.vcxproj", "{A50AA0C9-8EBF-3908-9F89-0ABC51AC5EC5}"
	ProjectSection(ProjectDependencies) = postProject
		{6833F845-A736-316C-96EB-D1D4AB3311A8} = {6833F845-A736-316C-96EB-D1D4AB3311A8}
		{4BB0DBCE-A4B1-3380-9162-0DBA60D5551A} = {4BB0DBCE-A4B1-3380-9162-0DBA60D5551A}
	EndProjectSection
EndProject
Project("{8BC9CEB8-8B4A-11D0-8D11-00A0C91BC942}") = "timeout", "tests\timeout.vcxproj", "{9F6D8C91-5939-3D86-886A-1F141CDA390E}"
	ProjectSection(ProjectDependencies) = postProject
		{6833F845-A736-316C-96EB-D1D4AB3311A8} = {6833F845-A736-316C-96EB-D1D4AB3311A8}
		{4BB0DBCE-A4B1-3380-9162-0DBA60D5551A} = {4BB0DBCE-A4B1-3380-9162-0DBA60D5551A}
	EndProjectSection
EndProject
Project("{8BC9CEB8-8B4A-11D0-8D11-00A0C91BC942}") = "title", "tests\title.vcxproj", "{04336F4C-041E-30F8-A4C8-25445A6A71C1}"
	ProjectSection(ProjectDependencies) = postProject
		{6833F845-A736-316C-96EB-D1D4AB3311A8} = {6833F845-A736-316C-96EB-D1D4AB3311A8}
		{4BB0DBCE-A4B1-3380-9162-0DBA60D5551A} = {4BB0DBCE-A4B1-3380-9162-0DBA60D5551A}
	EndProjectSection
EndProject
Project("{8BC9CEB8-8B4A-11D0-8D11-00A0C91BC942}") = "uninstall", "uninstall.vcxproj", "{FEB13A28-7345-3F69-ACAC-8982A65DA98E}"
	ProjectSection(ProjectDependencies) = postProject
		{6833F845-A736-316C-96EB-D1D4AB3311A8} = {6833F845-A736-316C-96EB-D1D4AB3311A8}
	EndProjectSection
EndProject
Project("{8BC9CEB8-8B4A-11D0-8D11-00A0C91BC942}") = "wave", "examples\wave.vcxproj", "{0A793C79-AF43-3F91-A96B-FB7DD8FA52D0}"
	ProjectSection(ProjectDependencies) = postProject
		{6833F845-A736-316C-96EB-D1D4AB3311A8} = {6833F845-A736-316C-96EB-D1D4AB3311A8}
		{4BB0DBCE-A4B1-3380-9162-0DBA60D5551A} = {4BB0DBCE-A4B1-3380-9162-0DBA60D5551A}
	EndProjectSection
EndProject
Project("{8BC9CEB8-8B4A-11D0-8D11-00A0C91BC942}") = "windows", "tests\windows.vcxproj", "{5CC5A227-ADBA-3FCD-B8A7-98D309B3BFA1}"
	ProjectSection(ProjectDependencies) = postProject
		{6833F845-A736-316C-96EB-D1D4AB3311A8} = {6833F845-A736-316C-96EB-D1D4AB3311A8}
		{4BB0DBCE-A4B1-3380-9162-0DBA60D5551A} = {4BB0DBCE-A4B1-3380-9162-0DBA60D5551A}
	EndProjectSection
EndProject
Global
	GlobalSection(SolutionConfigurationPlatforms) = preSolution
		Debug|Win32 = Debug|Win32
		Release|Win32 = Release|Win32
		MinSizeRel|Win32 = MinSizeRel|Win32
		RelWithDebInfo|Win32 = RelWithDebInfo|Win32
	EndGlobalSection
	GlobalSection(ProjectConfigurationPlatforms) = postSolution
		{FF974AC4-C21A-3E61-A010-6D32C67547A2}.Debug|Win32.ActiveCfg = Debug|Win32
		{FF974AC4-C21A-3E61-A010-6D32C67547A2}.Debug|Win32.Build.0 = Debug|Win32
		{FF974AC4-C21A-3E61-A010-6D32C67547A2}.Release|Win32.ActiveCfg = Release|Win32
		{FF974AC4-C21A-3E61-A010-6D32C67547A2}.Release|Win32.Build.0 = Release|Win32
		{FF974AC4-C21A-3E61-A010-6D32C67547A2}.MinSizeRel|Win32.ActiveCfg = MinSizeRel|Win32
		{FF974AC4-C21A-3E61-A010-6D32C67547A2}.MinSizeRel|Win32.Build.0 = MinSizeRel|Win32
		{FF974AC4-C21A-3E61-A010-6D32C67547A2}.RelWithDebInfo|Win32.ActiveCfg = RelWithDebInfo|Win32
		{FF974AC4-C21A-3E61-A010-6D32C67547A2}.RelWithDebInfo|Win32.Build.0 = RelWithDebInfo|Win32
		{DF051AE3-8532-3AE8-9CC0-C669B8878179}.Debug|Win32.ActiveCfg = Debug|Win32
		{DF051AE3-8532-3AE8-9CC0-C669B8878179}.Release|Win32.ActiveCfg = Release|Win32
		{DF051AE3-8532-3AE8-9CC0-C669B8878179}.MinSizeRel|Win32.ActiveCfg = MinSizeRel|Win32
		{DF051AE3-8532-3AE8-9CC0-C669B8878179}.RelWithDebInfo|Win32.ActiveCfg = RelWithDebInfo|Win32
		{6833F845-A736-316C-96EB-D1D4AB3311A8}.Debug|Win32.ActiveCfg = Debug|Win32
		{6833F845-A736-316C-96EB-D1D4AB3311A8}.Debug|Win32.Build.0 = Debug|Win32
		{6833F845-A736-316C-96EB-D1D4AB3311A8}.Release|Win32.ActiveCfg = Release|Win32
		{6833F845-A736-316C-96EB-D1D4AB3311A8}.Release|Win32.Build.0 = Release|Win32
		{6833F845-A736-316C-96EB-D1D4AB3311A8}.MinSizeRel|Win32.ActiveCfg = MinSizeRel|Win32
		{6833F845-A736-316C-96EB-D1D4AB3311A8}.MinSizeRel|Win32.Build.0 = MinSizeRel|Win32
		{6833F845-A736-316C-96EB-D1D4AB3311A8}.RelWithDebInfo|Win32.ActiveCfg = RelWithDebInfo|Win32
		{6833F845-A736-316C-96EB-D1D4AB3311A8}.RelWithDebInfo|Win32.Build.0 = RelWithDebInfo|Win32
		{15677F66-5F52-3856-863E-4FD3B7D695C5}.Debug|Win32.ActiveCfg = Debug|Win32
		{15677F66-5F52-3856-863E-4FD3B7D695C5}.Debug|Win32.Build.0 = Debug|Win32
		{15677F66-5F52-3856-863E-4FD3B7D695C5}.Release|Win32.ActiveCfg = Release|Win32
		{15677F66-5F52-3856-863E-4FD3B7D695C5}.Release|Win32.Build.0 = Release|Win32
		{15677F66-5F52-3856-863E-4FD3B7D695C5}.MinSizeRel|Win32.ActiveCfg = MinSizeRel|Win32
		{15677F66-5F52-3856-863E-4FD3B7D695C5}.MinSizeRel|Win32.Build.0 = MinSizeRel|Win32
		{15677F66-5F52-3856-863E-4FD3B7D695C5}.RelWithDebInfo|Win32.ActiveCfg = RelWithDebInfo|Win32
		{15677F66-5F52-3856-863E-4FD3B7D695C5}.RelWithDebInfo|Win32.Build.0 = RelWithDebInfo|Win32
		{4A635238-9F9F-38BD-8A26-0C24DF5FA6B0}.Debug|Win32.ActiveCfg = Debug|Win32
		{4A635238-9F9F-38BD-8A26-0C24DF5FA6B0}.Debug|Win32.Build.0 = Debug|Win32
		{4A635238-9F9F-38BD-8A26-0C24DF5FA6B0}.Release|Win32.ActiveCfg = Release|Win32
		{4A635238-9F9F-38BD-8A26-0C24DF5FA6B0}.Release|Win32.Build.0 = Release|Win32
		{4A635238-9F9F-38BD-8A26-0C24DF5FA6B0}.MinSizeRel|Win32.ActiveCfg = MinSizeRel|Win32
		{4A635238-9F9F-38BD-8A26-0C24DF5FA6B0}.MinSizeRel|Win32.Build.0 = MinSizeRel|Win32
		{4A635238-9F9F-38BD-8A26-0C24DF5FA6B0}.RelWithDebInfo|Win32.ActiveCfg = RelWithDebInfo|Win32
		{4A635238-9F9F-38BD-8A26-0C24DF5FA6B0}.RelWithDebInfo|Win32.Build.0 = RelWithDebInfo|Win32
		{12173726-591A-3A2F-94DF-A50BA82AF0E5}.Debug|Win32.ActiveCfg = Debug|Win32
		{12173726-591A-3A2F-94DF-A50BA82AF0E5}.Debug|Win32.Build.0 = Debug|Win32
		{12173726-591A-3A2F-94DF-A50BA82AF0E5}.Release|Win32.ActiveCfg = Release|Win32
		{12173726-591A-3A2F-94DF-A50BA82AF0E5}.Release|Win32.Build.0 = Release|Win32
		{12173726-591A-3A2F-94DF-A50BA82AF0E5}.MinSizeRel|Win32.ActiveCfg = MinSizeRel|Win32
		{12173726-591A-3A2F-94DF-A50BA82AF0E5}.MinSizeRel|Win32.Build.0 = MinSizeRel|Win32
		{12173726-591A-3A2F-94DF-A50BA82AF0E5}.RelWithDebInfo|Win32.ActiveCfg = RelWithDebInfo|Win32
		{12173726-591A-3A2F-94DF-A50BA82AF0E5}.RelWithDebInfo|Win32.Build.0 = RelWithDebInfo|Win32
		{7E41080D-FFF8-333D-A73E-DFE85D665871}.Debug|Win32.ActiveCfg = Debug|Win32
		{7E41080D-FFF8-333D-A73E-DFE85D665871}.Debug|Win32.Build.0 = Debug|Win32
		{7E41080D-FFF8-333D-A73E-DFE85D665871}.Release|Win32.ActiveCfg = Release|Win32
		{7E41080D-FFF8-333D-A73E-DFE85D665871}.Release|Win32.Build.0 = Release|Win32
		{7E41080D-FFF8-333D-A73E-DFE85D665871}.MinSizeRel|Win32.ActiveCfg = MinSizeRel|Win32
		{7E41080D-FFF8-333D-A73E-DFE85D665871}.MinSizeRel|Win32.Build.0 = MinSizeRel|Win32
		{7E41080D-FFF8-333D-A73E-DFE85D665871}.RelWithDebInfo|Win32.ActiveCfg = RelWithDebInfo|Win32
		{7E41080D-FFF8-333D-A73E-DFE85D665871}.RelWithDebInfo|Win32.Build.0 = RelWithDebInfo|Win32
		{05CEB748-7E01-30CA-8C79-905E24218FC8}.Debug|Win32.ActiveCfg = Debug|Win32
		{05CEB748-7E01-30CA-8C79-905E24218FC8}.Debug|Win32.Build.0 = Debug|Win32
		{05CEB748-7E01-30CA-8C79-905E24218FC8}.Release|Win32.ActiveCfg = Release|Win32
		{05CEB748-7E01-30CA-8C79-905E24218FC8}.Release|Win32.Build.0 = Release|Win32
		{05CEB748-7E01-30CA-8C79-905E24218FC8}.MinSizeRel|Win32.ActiveCfg = MinSizeRel|Win32
		{05CEB748-7E01-30CA-8C79-905E24218FC8}.MinSizeRel|Win32.Build.0 = MinSizeRel|Win32
		{05CEB748-7E01-30CA-8C79-905E24218FC8}.RelWithDebInfo|Win32.ActiveCfg = RelWithDebInfo|Win32
		{05CEB748-7E01-30CA-8C79-905E24218FC8}.RelWithDebInfo|Win32.Build.0 = RelWithDebInfo|Win32
		{E9920A36-8109-386D-8282-C8DEEF4CCFFC}.Debug|Win32.ActiveCfg = Debug|Win32
		{E9920A36-8109-386D-8282-C8DEEF4CCFFC}.Debug|Win32.Build.0 = Debug|Win32
		{E9920A36-8109-386D-8282-C8DEEF4CCFFC}.Release|Win32.ActiveCfg = Release|Win32
		{E9920A36-8109-386D-8282-C8DEEF4CCFFC}.Release|Win32.Build.0 = Release|Win32
		{E9920A36-8109-386D-8282-C8DEEF4CCFFC}.MinSizeRel|Win32.ActiveCfg = MinSizeRel|Win32
		{E9920A36-8109-386D-8282-C8DEEF4CCFFC}.MinSizeRel|Win32.Build.0 = MinSizeRel|Win32
		{E9920A36-8109-386D-8282-C8DEEF4CCFFC}.RelWithDebInfo|Win32.ActiveCfg = RelWithDebInfo|Win32
		{E9920A36-8109-386D-8282-C8DEEF4CCFFC}.RelWithDebInfo|Win32.Build.0 = RelWithDebInfo|Win32
		{23335F0E-09B4-3A47-BA48-664C4AABE7D9}.Debug|Win32.ActiveCfg = Debug|Win32
		{23335F0E-09B4-3A47-BA48-664C4AABE7D9}.Debug|Win32.Build.0 = Debug|Win32
		{23335F0E-09B4-3A47-BA48-664C4AABE7D9}.Release|Win32.ActiveCfg = Release|Win32
		{23335F0E-09B4-3A47-BA48-664C4AABE7D9}.Release|Win32.Build.0 = Release|Win32
		{23335F0E-09B4-3A47-BA48-664C4AABE7D9}.MinSizeRel|Win32.ActiveCfg = MinSizeRel|Win32
		{23335F0E-09B4-3A47-BA48-664C4AABE7D9}.MinSizeRel|Win32.Build.0 = MinSizeRel|Win32
		{23335F0E-09B4-3A47-BA48-664C4AABE7D9}.RelWithDebInfo|Win32.ActiveCfg = RelWithDebInfo|Win32
		{23335F0E-09B4-3A47-BA48-664C4AABE7D9}.RelWithDebInfo|Win32.Build.0 = RelWithDebInfo|Win32
		{4BB0DBCE-A4B1-3380-9162-0DBA60D5551A}.Debug|Win32.ActiveCfg = Debug|Win32
		{4BB0DBCE-A4B1-3380-9162-0DBA60D5551A}.Debug|Win32.Build.0 = Debug|Win32
		{4BB0DBCE-A4B1-3380-9162-0DBA60D5551A}.Release|Win32.ActiveCfg = Release|Win32
		{4BB0DBCE-A4B1-3380-9162-0DBA60D5551A}.Release|Win32.Build.0 = Release|Win32
		{4BB0DBCE-A4B1-3380-9162-0DBA60D5551A}.MinSizeRel|Win32.ActiveCfg = MinSizeRel|Win32
		{4BB0DBCE-A4B1-3380-9162-0DBA60D5551A}.MinSizeRel|Win32.Build.0 = MinSizeRel|Win32
		{4BB0DBCE-A4B1-3380-9162-0DBA60D5551A}.RelWithDebInfo|Win32.ActiveCfg = RelWithDebInfo|Win32
		{4BB0DBCE-A4B1-3380-9162-0DBA60D5551A}.RelWithDebInfo|Win32.Build.0 = RelWithDebInfo|Win32
		{F9ECC57C-5442-3EF6-8A5D-FF8D867859D2}.Debug|Win32.ActiveCfg = Debug|Win32
		{F9ECC57C-5442-3EF6-8A5D-FF8D867859D2}.Debug|Win32.Build.0 = Debug|Win32
		{F9ECC57C-5442-3EF6-8A5D-FF8D867859D2}.Release|Win32.ActiveCfg = Release|Win32
		{F9ECC57C-5442-3EF6-8A5D-FF8D867859D2}.Release|Win32.Build.0 = Release|Win32
		{F9ECC57C-5442-3EF6-8A5D-FF8D867859D2}.MinSizeRel|Win32.ActiveCfg = MinSizeRel|Win32
		{F9ECC57C-5442-3EF6-8A5D-FF8D867859D2}.MinSizeRel|Win32.Build.0 = MinSizeRel|Win32
		{F9ECC57C-5442-3EF6-8A5D-FF8D867859D2}.RelWithDebInfo|Win32.ActiveCfg = RelWithDebInfo|Win32
		{F9ECC57C-5442-3EF6-8A5D-FF8D867859D2}.RelWithDebInfo|Win32.Build.0 = RelWithDebInfo|Win32
		{1AE89D4C-9434-3A1A-99FA-E3C2953AE86E}.Debug|Win32.ActiveCfg = Debug|Win32
		{1AE89D4C-9434-3A1A-99FA-E3C2953AE86E}.Debug|Win32.Build.0 = Debug|Win32
		{1AE89D4C-9434-3A1A-99FA-E3C2953AE86E}.Release|Win32.ActiveCfg = Release|Win32
		{1AE89D4C-9434-3A1A-99FA-E3C2953AE86E}.Release|Win32.Build.0 = Release|Win32
		{1AE89D4C-9434-3A1A-99FA-E3C2953AE86E}.MinSizeRel|Win32.ActiveCfg = MinSizeRel|Win32
		{1AE89D4C-9434-3A1A-99FA-E3C2953AE86E}.MinSizeRel|Win32.Build.0 = MinSizeRel|Win32
		{1AE89D4C-9434-3A1A-99FA-E3C2953AE86E}.RelWithDebInfo|Win32.ActiveCfg = RelWithDebInfo|Win32
		{1AE89D4C-9434-3A1A-99FA-E3C2953AE86E}.RelWithDebInfo|Win32.Build.0 = RelWithDebInfo|Win32
		{CC2D40FD-B3AC-32B4-A5BB-2E137C180908}.Debug|Win32.ActiveCfg = Debug|Win32
		{CC2D40FD-B3AC-32B4-A5BB-2E137C180908}.Debug|Win32.Build.0 = Debug|Win32
		{CC2D40FD-B3AC-32B4-A5BB-2E137C180908}.Release|Win32.ActiveCfg = Release|Win32
		{CC2D40FD-B3AC-32B4-A5BB-2E137C180908}.Release|Win32.Build.0 = Release|Win32
		{CC2D40FD-B3AC-32B4-A5BB-2E137C180908}.MinSizeRel|Win32.ActiveCfg = MinSizeRel|Win32
		{CC2D40FD-B3AC-32B4-A5BB-2E137C180908}.MinSizeRel|Win32.Build.0 = MinSizeRel|Win32
		{CC2D40FD-B3AC-32B4-A5BB-2E137C180908}.RelWithDebInfo|Win32.ActiveCfg = RelWithDebInfo|Win32
		{CC2D40FD-B3AC-32B4-A5BB-2E137C180908}.RelWithDebInfo|Win32.Build.0 = RelWithDebInfo|Win32
		{D1559890-E697-3EF0-8E03-B608F44420A5}.Debug|Win32.ActiveCfg = Debug|Win32
		{D1559890-E697-3EF0-8E03-B608F44420A5}.Debug|Win32.Build.0 = Debug|Win32
		{D1559890-E697-3EF0-8E03-B608F44420A5}.Release|Win32.ActiveCfg = Release|Win32
		{D1559890-E697-3EF0-8E03-B608F44420A5}.Release|Win32.Build.0 = Release|Win32
		{D1559890-E697-3EF0-8E03-B608F44420A5}.MinSizeRel|Win32.ActiveCfg = MinSizeRel|Win32
		{D1559890-E697-3EF0-8E03-B608F44420A5}.MinSizeRel|Win32.Build.0 = MinSizeRel|Win32
		{D1559890-E697-3EF0-8E03-B608F44420A5}.RelWithDebInfo|Win32.ActiveCfg = RelWithDebInfo|Win32
		{D1559890-E697-3EF0-8E03-B608F44420A5}.RelWithDebInfo|Win32.Build.0 = RelWithDebInfo|Win32
		{4F0460C2-07D9-363C-953E-F640D6A32ECC}.Debug|Win32.ActiveCfg = Debug|Win32
		{4F0460C2-07D9-363C-953E-F640D6A32ECC}.Debug|Win32.Build.0 = Debug|Win32
		{4F0460C2-07D9-363C-953E-F640D6A32ECC}.Release|Win32.ActiveCfg = Release|Win32
		{4F0460C2-07D9-363C-953E-F640D6A32ECC}.Release|Win32.Build.0 = Release|Win32
		{4F0460C2-07D9-363C-953E-F640D6A32ECC}.MinSizeRel|Win32.ActiveCfg = MinSizeRel|Win32
		{4F0460C2-07D9-363C-953E-F640D6A32ECC}.MinSizeRel|Win32.Build.0 = MinSizeRel|Win32
		{4F0460C2-07D9-363C-953E-F640D6A32ECC}.RelWithDebInfo|Win32.ActiveCfg = RelWithDebInfo|Win32
		{4F0460C2-07D9-363C-953E-F640D6A32ECC}.RelWithDebInfo|Win32.Build.0 = RelWithDebInfo|Win32
		{853B4400-502E-311B-90B4-4CA7375C75E7}.Debug|Win32.ActiveCfg = Debug|Win32
		{853B4400-502E-311B-90B4-4CA7375C75E7}.Debug|Win32.Build.0 = Debug|Win32
		{853B4400-502E-311B-90B4-4CA7375C75E7}.Release|Win32.ActiveCfg = Release|Win32
		{853B4400-502E-311B-90B4-4CA7375C75E7}.Release|Win32.Build.0 = Release|Win32
		{853B4400-502E-311B-90B4-4CA7375C75E7}.MinSizeRel|Win32.ActiveCfg = MinSizeRel|Win32
		{853B4400-502E-311B-90B4-4CA7375C75E7}.MinSizeRel|Win32.Build.0 = MinSizeRel|Win32
		{853B4400-502E-311B-90B4-4CA7375C75E7}.RelWithDebInfo|Win32.ActiveCfg = RelWithDebInfo|Win32
		{853B4400-502E-311B-90B4-4CA7375C75E7}.RelWithDebInfo|Win32.Build.0 = RelWithDebInfo|Win32
		{057E4064-2847-3A71-8D86-1F10ECF9C123}.Debug|Win32.ActiveCfg = Debug|Win32
		{057E4064-2847-3A71-8D86-1F10ECF9C123}.Debug|Win32.Build.0 = Debug|Win32
		{057E4064-2847-3A71-8D86-1F10ECF9C123}.Release|Win32.ActiveCfg = Release|Win32
		{057E4064-2847-3A71-8D86-1F10ECF9C123}.Release|Win32.Build.0 = Release|Win32
		{057E4064-2847-3A71-8D86-1F10ECF9C123}.MinSizeRel|Win32.ActiveCfg = MinSizeRel|Win32
		{057E4064-2847-3A71-8D86-1F10ECF9C123}.MinSizeRel|Win32.Build.0 = MinSizeRel|Win32
		{057E4064-2847-3A71-8D86-1F10ECF9C123}.RelWithDebInfo|Win32.ActiveCfg = RelWithDebInfo|Win32
		{057E4064-2847-3A71-8D86-1F10ECF9C123}.RelWithDebInfo|Win32.Build.0 = RelWithDebInfo|Win32
		{6A22431C-866E-3B5B-A5C1-1B897A093A5A}.Debug|Win32.ActiveCfg = Debug|Win32
		{6A22431C-866E-3B5B-A5C1-1B897A093A5A}.Debug|Win32.Build.0 = Debug|Win32
		{6A22431C-866E-3B5B-A5C1-1B897A093A5A}.Release|Win32.ActiveCfg = Release|Win32
		{6A22431C-866E-3B5B-A5C1-1B897A093A5A}.Release|Win32.Build.0 = Release|Win32
		{6A22431C-866E-3B5B-A5C1-1B897A093A5A}.MinSizeRel|Win32.ActiveCfg = MinSizeRel|Win32
		{6A22431C-866E-3B5B-A5C1-1B897A093A5A}.MinSizeRel|Win32.Build.0 = MinSizeRel|Win32
		{6A22431C-866E-3B5B-A5C1-1B897A093A5A}.RelWithDebInfo|Win32.ActiveCfg = RelWithDebInfo|Win32
		{6A22431C-866E-3B5B-A5C1-1B897A093A5A}.RelWithDebInfo|Win32.Build.0 = RelWithDebInfo|Win32
		{DD022CBF-3900-3020-95A0-025B200CB7DA}.Debug|Win32.ActiveCfg = Debug|Win32
		{DD022CBF-3900-3020-95A0-025B200CB7DA}.Debug|Win32.Build.0 = Debug|Win32
		{DD022CBF-3900-3020-95A0-025B200CB7DA}.Release|Win32.ActiveCfg = Release|Win32
		{DD022CBF-3900-3020-95A0-025B200CB7DA}.Release|Win32.Build.0 = Release|Win32
		{DD022CBF-3900-3020-95A0-025B200CB7DA}.MinSizeRel|Win32.ActiveCfg = MinSizeRel|Win32
		{DD022CBF-3900-3020-95A0-025B200CB7DA}.MinSizeRel|Win32.Build.0 = MinSizeRel|Win32
		{DD022CBF-3900-3020-95A0-025B200CB7DA}.RelWithDebInfo|Win32.ActiveCfg = RelWithDebInfo|Win32
		{DD022CBF-3900-3020-95A0-025B200CB7DA}.RelWithDebInfo|Win32.Build.0 = RelWithDebInfo|Win32
		{FB63A498-F2DE-3DBC-8BA5-7E6F7A93B9A4}.Debug|Win32.ActiveCfg = Debug|Win32
		{FB63A498-F2DE-3DBC-8BA5-7E6F7A93B9A4}.Debug|Win32.Build.0 = Debug|Win32
		{FB63A498-F2DE-3DBC-8BA5-7E6F7A93B9A4}.Release|Win32.ActiveCfg = Release|Win32
		{FB63A498-F2DE-3DBC-8BA5-7E6F7A93B9A4}.Release|Win32.Build.0 = Release|Win32
		{FB63A498-F2DE-3DBC-8BA5-7E6F7A93B9A4}.MinSizeRel|Win32.ActiveCfg = MinSizeRel|Win32
		{FB63A498-F2DE-3DBC-8BA5-7E6F7A93B9A4}.MinSizeRel|Win32.Build.0 = MinSizeRel|Win32
		{FB63A498-F2DE-3DBC-8BA5-7E6F7A93B9A4}.RelWithDebInfo|Win32.ActiveCfg = RelWithDebInfo|Win32
		{FB63A498-F2DE-3DBC-8BA5-7E6F7A93B9A4}.RelWithDebInfo|Win32.Build.0 = RelWithDebInfo|Win32
		{1FE24D61-D3D6-3567-ACED-BC11BDACB651}.Debug|Win32.ActiveCfg = Debug|Win32
		{1FE24D61-D3D6-3567-ACED-BC11BDACB651}.Debug|Win32.Build.0 = Debug|Win32
		{1FE24D61-D3D6-3567-ACED-BC11BDACB651}.Release|Win32.ActiveCfg = Release|Win32
		{1FE24D61-D3D6-3567-ACED-BC11BDACB651}.Release|Win32.Build.0 = Release|Win32
		{1FE24D61-D3D6-3567-ACED-BC11BDACB651}.MinSizeRel|Win32.ActiveCfg = MinSizeRel|Win32
		{1FE24D61-D3D6-3567-ACED-BC11BDACB651}.MinSizeRel|Win32.Build.0 = MinSizeRel|Win32
		{1FE24D61-D3D6-3567-ACED-BC11BDACB651}.RelWithDebInfo|Win32.ActiveCfg = RelWithDebInfo|Win32
		{1FE24D61-D3D6-3567-ACED-BC11BDACB651}.RelWithDebInfo|Win32.Build.0 = RelWithDebInfo|Win32
		{B11A8100-74E2-37B2-963B-03D0F1C5EEAA}.Debug|Win32.ActiveCfg = Debug|Win32
		{B11A8100-74E2-37B2-963B-03D0F1C5EEAA}.Debug|Win32.Build.0 = Debug|Win32
		{B11A8100-74E2-37B2-963B-03D0F1C5EEAA}.Release|Win32.ActiveCfg = Release|Win32
		{B11A8100-74E2-37B2-963B-03D0F1C5EEAA}.Release|Win32.Build.0 = Release|Win32
		{B11A8100-74E2-37B2-963B-03D0F1C5EEAA}.MinSizeRel|Win32.ActiveCfg = MinSizeRel|Win32
		{B11A8100-74E2-37B2-963B-03D0F1C5EEAA}.MinSizeRel|Win32.Build.0 = MinSizeRel|Win32
		{B11A8100-74E2-37B2-963B-03D0F1C5EEAA}.RelWithDebInfo|Win32.ActiveCfg = RelWithDebInfo|Win32
		{B11A8100-74E2-37B2-963B-03D0F1C5EEAA}.RelWithDebInfo|Win32.Build.0 = RelWithDebInfo|Win32
		{F6FBD616-6688-3C16-A754-551C09E34454}.Debug|Win32.ActiveCfg = Debug|Win32
		{F6FBD616-6688-3C16-A754-551C09E34454}.Debug|Win32.Build.0 = Debug|Win32
		{F6FBD616-6688-3C16-A754-551C09E34454}.Release|Win32.ActiveCfg = Release|Win32
		{F6FBD616-6688-3C16-A754-551C09E34454}.Release|Win32.Build.0 = Release|Win32
		{F6FBD616-6688-3C16-A754-551C09E34454}.MinSizeRel|Win32.ActiveCfg = MinSizeRel|Win32
		{F6FBD616-6688-3C16-A754-551C09E34454}.MinSizeRel|Win32.Build.0 = MinSizeRel|Win32
		{F6FBD616-6688-3C16-A754-551C09E34454}.RelWithDebInfo|Win32.ActiveCfg = RelWithDebInfo|Win32
		{F6FBD616-6688-3C16-A754-551C09E34454}.RelWithDebInfo|Win32.Build.0 = RelWithDebInfo|Win32
		{A50AA0C9-8EBF-3908-9F89-0ABC51AC5EC5}.Debug|Win32.ActiveCfg = Debug|Win32
		{A50AA0C9-8EBF-3908-9F89-0ABC51AC5EC5}.Debug|Win32.Build.0 = Debug|Win32
		{A50AA0C9-8EBF-3908-9F89-0ABC51AC5EC5}.Release|Win32.ActiveCfg = Release|Win32
		{A50AA0C9-8EBF-3908-9F89-0ABC51AC5EC5}.Release|Win32.Build.0 = Release|Win32
		{A50AA0C9-8EBF-3908-9F89-0ABC51AC5EC5}.MinSizeRel|Win32.ActiveCfg = MinSizeRel|Win32
		{A50AA0C9-8EBF-3908-9F89-0ABC51AC5EC5}.MinSizeRel|Win32.Build.0 = MinSizeRel|Win32
		{A50AA0C9-8EBF-3908-9F89-0ABC51AC5EC5}.RelWithDebInfo|Win32.ActiveCfg = RelWithDebInfo|Win32
		{A50AA0C9-8EBF-3908-9F89-0ABC51AC5EC5}.RelWithDebInfo|Win32.Build.0 = RelWithDebInfo|Win32
		{9F6D8C91-5939-3D86-886A-1F141CDA390E}.Debug|Win32.ActiveCfg = Debug|Win32
		{9F6D8C91-5939-3D86-886A-1F141CDA390E}.Debug|Win32.Build.0 = Debug|Win32
		{9F6D8C91-5939-3D86-886A-1F141CDA390E}.Release|Win32.ActiveCfg = Release|Win32
		{9F6D8C91-5939-3D86-886A-1F141CDA390E}.Release|Win32.Build.0 = Release|Win32
		{9F6D8C91-5939-3D86-886A-1F141CDA390E}.MinSizeRel|Win32.ActiveCfg = MinSizeRel|Win32
		{9F6D8C91-5939-3D86-886A-1F141CDA390E}.MinSizeRel|Win32.Build.0 = MinSizeRel|Win32
		{9F6D8C91-5939-3D86-886A-1F141CDA390E}.RelWithDebInfo|Win32.ActiveCfg = RelWithDebInfo|Win32
		{9F6D8C91-5939-3D86-886A-1F141CDA390E}.RelWithDebInfo|Win32.Build.0 = RelWithDebInfo|Win32
		{04336F4C-041E-30F8-A4C8-25445A6A71C1}.Debug|Win32.ActiveCfg = Debug|Win32
		{04336F4C-041E-30F8-A4C8-25445A6A71C1}.Debug|Win32.Build.0 = Debug|Win32
		{04336F4C-041E-30F8-A4C8-25445A6A71C1}.Release|Win32.ActiveCfg = Release|Win32
		{04336F4C-041E-30F8-A4C8-25445A6A71C1}.Release|Win32.Build.0 = Release|Win32
		{04336F4C-041E-30F8-A4C8-25445A6A71C1}.MinSizeRel|Win32.ActiveCfg = MinSizeRel|Win32
		{04336F4C-041E-30F8-A4C8-25445A6A71C1}.MinSizeRel|Win32.Build.0 = MinSizeRel|Win32
		{04336F4C-041E-30F8-A4C8-25445A6A71C1}.RelWithDebInfo|Win32.ActiveCfg = RelWithDebInfo|Win32
		{04336F4C-041E-30F8-A4C8-25445A6A71C1}.RelWithDebInfo|Win32.Build.0 = RelWithDebInfo|Win32
		{FEB13A28-7345-3F69-ACAC-8982A65DA98E}.Debug|Win32.ActiveCfg = Debug|Win32
		{FEB13A28-7345-3F69-ACAC-8982A65DA98E}.Release|Win32.ActiveCfg = Release|Win32
		{FEB13A28-7345-3F69-ACAC-8982A65DA98E}.MinSizeRel|Win32.ActiveCfg = MinSizeRel|Win32
		{FEB13A28-7345-3F69-ACAC-8982A65DA98E}.RelWithDebInfo|Win32.ActiveCfg = RelWithDebInfo|Win32
		{0A793C79-AF43-3F91-A96B-FB7DD8FA52D0}.Debug|Win32.ActiveCfg = Debug|Win32
		{0A793C79-AF43-3F91-A96B-FB7DD8FA52D0}.Debug|Win32.Build.0 = Debug|Win32
		{0A793C79-AF43-3F91-A96B-FB7DD8FA52D0}.Release|Win32.ActiveCfg = Release|Win32
		{0A793C79-AF43-3F91-A96B-FB7DD8FA52D0}.Release|Win32.Build.0 = Release|Win32
		{0A793C79-AF43-3F91-A96B-FB7DD8FA52D0}.MinSizeRel|Win32.ActiveCfg = MinSizeRel|Win32
		{0A793C79-AF43-3F91-A96B-FB7DD8FA52D0}.MinSizeRel|Win32.Build.0 = MinSizeRel|Win32
		{0A793C79-AF43-3F91-A96B-FB7DD8FA52D0}.RelWithDebInfo|Win32.ActiveCfg = RelWithDebInfo|Win32
		{0A793C79-AF43-3F91-A96B-FB7DD8FA52D0}.RelWithDebInfo|Win32.Build.0 = RelWithDebInfo|Win32
		{5CC5A227-ADBA-3FCD-B8A7-98D309B3BFA1}.Debug|Win32.ActiveCfg = Debug|Win32
		{5CC5A227-ADBA-3FCD-B8A7-98D309B3BFA1}.Debug|Win32.Build.0 = Debug|Win32
		{5CC5A227-ADBA-3FCD-B8A7-98D309B3BFA1}.Release|Win32.ActiveCfg = Release|Win32
		{5CC5A227-ADBA-3FCD-B8A7-98D309B3BFA1}.Release|Win32.Build.0 = Release|Win32
		{5CC5A227-ADBA-3FCD-B8A7-98D309B3BFA1}.MinSizeRel|Win32.ActiveCfg = MinSizeRel|Win32
		{5CC5A227-ADBA-3FCD-B8A7-98D309B3BFA1}.MinSizeRel|Win32.Build.0 = MinSizeRel|Win32
		{5CC5A227-ADBA-3FCD-B8A7-98D309B3BFA1}.RelWithDebInfo|Win32.ActiveCfg = RelWithDebInfo|Win32
		{5CC5A227-ADBA-3FCD-B8A7-98D309B3BFA1}.RelWithDebInfo|Win32.Build.0 = RelWithDebInfo|Win32
	EndGlobalSection
	GlobalSection(NestedProjects) = preSolution
		{FF974AC4-C21A-3E61-A010-6D32C67547A2} = {7B51A164-C536-3879-A6B0-F42485F6B183}
		{DF051AE3-8532-3AE8-9CC0-C669B8878179} = {7B51A164-C536-3879-A6B0-F42485F6B183}
		{6833F845-A736-316C-96EB-D1D4AB3311A8} = {7B51A164-C536-3879-A6B0-F42485F6B183}
		{95DC923C-356A-32DC-8F39-53539CA475FF} = {07F599C1-C931-3F74-9E35-0973B87D04BE}
		{90489A79-B25C-3BDB-8BB9-1DBC4661D270} = {07F599C1-C931-3F74-9E35-0973B87D04BE}
		{4BB0DBCE-A4B1-3380-9162-0DBA60D5551A} = {07F599C1-C931-3F74-9E35-0973B87D04BE}
		{15677F66-5F52-3856-863E-4FD3B7D695C5} = {95DC923C-356A-32DC-8F39-53539CA475FF}
		{23335F0E-09B4-3A47-BA48-664C4AABE7D9} = {95DC923C-356A-32DC-8F39-53539CA475FF}
		{1AE89D4C-9434-3A1A-99FA-E3C2953AE86E} = {95DC923C-356A-32DC-8F39-53539CA475FF}
		{6A22431C-866E-3B5B-A5C1-1B897A093A5A} = {95DC923C-356A-32DC-8F39-53539CA475FF}
		{1FE24D61-D3D6-3567-ACED-BC11BDACB651} = {95DC923C-356A-32DC-8F39-53539CA475FF}
		{B11A8100-74E2-37B2-963B-03D0F1C5EEAA} = {95DC923C-356A-32DC-8F39-53539CA475FF}
		{0A793C79-AF43-3F91-A96B-FB7DD8FA52D0} = {95DC923C-356A-32DC-8F39-53539CA475FF}
		{4A635238-9F9F-38BD-8A26-0C24DF5FA6B0} = {90489A79-B25C-3BDB-8BB9-1DBC4661D270}
		{12173726-591A-3A2F-94DF-A50BA82AF0E5} = {90489A79-B25C-3BDB-8BB9-1DBC4661D270}
		{7E41080D-FFF8-333D-A73E-DFE85D665871} = {90489A79-B25C-3BDB-8BB9-1DBC4661D270}
		{05CEB748-7E01-30CA-8C79-905E24218FC8} = {90489A79-B25C-3BDB-8BB9-1DBC4661D270}
		{E9920A36-8109-386D-8282-C8DEEF4CCFFC} = {90489A79-B25C-3BDB-8BB9-1DBC4661D270}
		{F9ECC57C-5442-3EF6-8A5D-FF8D867859D2} = {90489A79-B25C-3BDB-8BB9-1DBC4661D270}
		{CC2D40FD-B3AC-32B4-A5BB-2E137C180908} = {90489A79-B25C-3BDB-8BB9-1DBC4661D270}
		{D1559890-E697-3EF0-8E03-B608F44420A5} = {90489A79-B25C-3BDB-8BB9-1DBC4661D270}
		{4F0460C2-07D9-363C-953E-F640D6A32ECC} = {90489A79-B25C-3BDB-8BB9-1DBC4661D270}
		{853B4400-502E-311B-90B4-4CA7375C75E7} = {90489A79-B25C-3BDB-8BB9-1DBC4661D270}
		{057E4064-2847-3A71-8D86-1F10ECF9C123} = {90489A79-B25C-3BDB-8BB9-1DBC4661D270}
		{DD022CBF-3900-3020-95A0-025B200CB7DA} = {90489A79-B25C-3BDB-8BB9-1DBC4661D270}
		{FB63A498-F2DE-3DBC-8BA5-7E6F7A93B9A4} = {90489A79-B25C-3BDB-8BB9-1DBC4661D270}
		{F6FBD616-6688-3C16-A754-551C09E34454} = {90489A79-B25C-3BDB-8BB9-1DBC4661D270}
		{A50AA0C9-8EBF-3908-9F89-0ABC51AC5EC5} = {90489A79-B25C-3BDB-8BB9-1DBC4661D270}
		{9F6D8C91-5939-3D86-886A-1F141CDA390E} = {90489A79-B25C-3BDB-8BB9-1DBC4661D270}
		{04336F4C-041E-30F8-A4C8-25445A6A71C1} = {90489A79-B25C-3BDB-8BB9-1DBC4661D270}
		{5CC5A227-ADBA-3FCD-B8A7-98D309B3BFA1} = {90489A79-B25C-3BDB-8BB9-1DBC4661D270}
	EndGlobalSection
	GlobalSection(ExtensibilityGlobals) = postSolution
		SolutionGuid = {67B8F8A5-7E53-3AFA-B4B1-BCA07442069B}
	EndGlobalSection
	GlobalSection(ExtensibilityAddIns) = postSolution
	EndGlobalSection
EndGlobal
